// !$*UTF8*$!
{
	archiveVersion = 1;
	classes = {
	};
	objectVersion = 46;
	objects = {

/* Begin PBXBuildFile section */
		3307315B191F507E001A7487 /* HLClippingNode.m in Sources */ = {isa = PBXBuildFile; fileRef = 33073158191F507E001A7487 /* HLClippingNode.m */; };
		3307315C191F507E001A7487 /* HLDrawNode.m in Sources */ = {isa = PBXBuildFile; fileRef = 3307315A191F507E001A7487 /* HLDrawNode.m */; };
		3307315F191F6BCF001A7487 /* ccShader_PositionColorLengthTexture.frag in Sources */ = {isa = PBXBuildFile; fileRef = 3307315D191F6BCF001A7487 /* ccShader_PositionColorLengthTexture.frag */; };
		33073160191F6BCF001A7487 /* ccShader_PositionColorLengthTexture.vert in Sources */ = {isa = PBXBuildFile; fileRef = 3307315E191F6BCF001A7487 /* ccShader_PositionColorLengthTexture.vert */; };
		338A85D718FBB18900E04921 /* HL3Sprite.mm in Sources */ = {isa = PBXBuildFile; fileRef = 338A85D618FBB18900E04921 /* HL3Sprite.mm */; };
		338CF6141907775E0036C4DC /* HLMD2Animation.mm in Sources */ = {isa = PBXBuildFile; fileRef = 338CF6121907775E0036C4DC /* HLMD2Animation.mm */; };
		338CF61A1907B5510036C4DC /* HL3Light.mm in Sources */ = {isa = PBXBuildFile; fileRef = 338CF6191907B5510036C4DC /* HL3Light.mm */; };
		3393A6041914A5D000602BDA /* Tarsier.png in Resources */ = {isa = PBXBuildFile; fileRef = 3393A6031914A5D000602BDA /* Tarsier.png */; };
		3398E0F61920683C00762FA9 /* ccShader_PositionColorLengthTexture.frag in Resources */ = {isa = PBXBuildFile; fileRef = 3307315D191F6BCF001A7487 /* ccShader_PositionColorLengthTexture.frag */; };
		3398E0F71920683C00762FA9 /* ccShader_PositionColorLengthTexture.vert in Resources */ = {isa = PBXBuildFile; fileRef = 3307315E191F6BCF001A7487 /* ccShader_PositionColorLengthTexture.vert */; };
		339AC3FD18F9400E00864A39 /* HL3Matrix4x4.cpp in Sources */ = {isa = PBXBuildFile; fileRef = 339AC3FB18F9400E00864A39 /* HL3Matrix4x4.cpp */; };
		339AC40018F951FB00864A39 /* HL3Camera.m in Sources */ = {isa = PBXBuildFile; fileRef = 339AC3FF18F951FB00864A39 /* HL3Camera.m */; };
		33AE9FB51910C079004923C3 /* Grid16.png in Resources */ = {isa = PBXBuildFile; fileRef = 33AE9FB41910C079004923C3 /* Grid16.png */; };
		33B2517B18FE742A0067533C /* HLMD2.mm in Sources */ = {isa = PBXBuildFile; fileRef = 33B2517918FE742A0067533C /* HLMD2.mm */; };
		33B2518118FE77F70067533C /* HL3Model.mm in Sources */ = {isa = PBXBuildFile; fileRef = 33B2517F18FE77F70067533C /* HL3Model.mm */; };
		33B614A9190E4D71007EE82B /* Cocoa.framework in Frameworks */ = {isa = PBXBuildFile; fileRef = 33B614A8190E4D71007EE82B /* Cocoa.framework */; };
		33B614B3190E4D71007EE82B /* InfoPlist.strings in Resources */ = {isa = PBXBuildFile; fileRef = 33B614B1190E4D71007EE82B /* InfoPlist.strings */; };
		33B614B5190E4D71007EE82B /* main.m in Sources */ = {isa = PBXBuildFile; fileRef = 33B614B4190E4D71007EE82B /* main.m */; };
		33B614B9190E4D71007EE82B /* Credits.rtf in Resources */ = {isa = PBXBuildFile; fileRef = 33B614B7190E4D71007EE82B /* Credits.rtf */; };
		33B614BF190E4D71007EE82B /* MainMenu.xib in Resources */ = {isa = PBXBuildFile; fileRef = 33B614BD190E4D71007EE82B /* MainMenu.xib */; };
		33B614FF190E5006007EE82B /* Default-568h@2x.png in Resources */ = {isa = PBXBuildFile; fileRef = 33B614C4190E5006007EE82B /* Default-568h@2x.png */; };
		33B61500190E5006007EE82B /* Default.png in Resources */ = {isa = PBXBuildFile; fileRef = 33B614C5190E5006007EE82B /* Default.png */; };
		33B61501190E5006007EE82B /* Default@2x.png in Resources */ = {isa = PBXBuildFile; fileRef = 33B614C6190E5006007EE82B /* Default@2x.png */; };
		33B61502190E5006007EE82B /* InfoPlist.strings in Resources */ = {isa = PBXBuildFile; fileRef = 33B614C7190E5006007EE82B /* InfoPlist.strings */; };
		33B61503190E5006007EE82B /* girl.fbx in Resources */ = {isa = PBXBuildFile; fileRef = 33B614CB190E5006007EE82B /* girl.fbx */; };
		33B61504190E5006007EE82B /* girl.max in Resources */ = {isa = PBXBuildFile; fileRef = 33B614CC190E5006007EE82B /* girl.max */; };
		33B61505190E5006007EE82B /* SDO_W1063_coat.png in Resources */ = {isa = PBXBuildFile; fileRef = 33B614CD190E5006007EE82B /* SDO_W1063_coat.png */; };
		33B61506190E5006007EE82B /* SDO_W1063_hair.png in Resources */ = {isa = PBXBuildFile; fileRef = 33B614CE190E5006007EE82B /* SDO_W1063_hair.png */; };
		33B61507190E5006007EE82B /* SDO_W1063_pant.png in Resources */ = {isa = PBXBuildFile; fileRef = 33B614CF190E5006007EE82B /* SDO_W1063_pant.png */; };
		33B61508190E5006007EE82B /* SDO_W1063_shoes.png in Resources */ = {isa = PBXBuildFile; fileRef = 33B614D0190E5006007EE82B /* SDO_W1063_shoes.png */; };
		33B61509190E5006007EE82B /* W_Basic_Coat2.png in Resources */ = {isa = PBXBuildFile; fileRef = 33B614D1190E5006007EE82B /* W_Basic_Coat2.png */; };
		33B6150A190E5006007EE82B /* W_Basic_face.png in Resources */ = {isa = PBXBuildFile; fileRef = 33B614D2190E5006007EE82B /* W_Basic_face.png */; };
		33B6150B190E5006007EE82B /* W_Basic_pants.png in Resources */ = {isa = PBXBuildFile; fileRef = 33B614D3190E5006007EE82B /* W_Basic_pants.png */; };
		33B6150C190E5006007EE82B /* W_Basic_Pants2.png in Resources */ = {isa = PBXBuildFile; fileRef = 33B614D4190E5006007EE82B /* W_Basic_Pants2.png */; };
		33B61512190E5006007EE82B /* GameEngine-Info.plist in Resources */ = {isa = PBXBuildFile; fileRef = 33B614E0190E5006007EE82B /* GameEngine-Info.plist */; };
		33B61513190E5006007EE82B /* icon.png in Resources */ = {isa = PBXBuildFile; fileRef = 33B614E2190E5006007EE82B /* icon.png */; };
		33B61514190E5006007EE82B /* main.m in Sources */ = {isa = PBXBuildFile; fileRef = 33B614E3190E5006007EE82B /* main.m */; };
		33B61515190E5006007EE82B /* terran.md2 in Resources */ = {isa = PBXBuildFile; fileRef = 33B614E5190E5006007EE82B /* terran.md2 */; };
		33B61516190E5006007EE82B /* terran.png in Resources */ = {isa = PBXBuildFile; fileRef = 33B614E6190E5006007EE82B /* terran.png */; };
		33B61517190E5006007EE82B /* terran_weapon.md2 in Resources */ = {isa = PBXBuildFile; fileRef = 33B614E7190E5006007EE82B /* terran_weapon.md2 */; };
		33B61518190E5006007EE82B /* terran_weapon.png in Resources */ = {isa = PBXBuildFile; fileRef = 33B614E8190E5006007EE82B /* terran_weapon.png */; };
		33B61519190E5006007EE82B /* tris.md2 in Resources */ = {isa = PBXBuildFile; fileRef = 33B614E9190E5006007EE82B /* tris.md2 */; };
		33B6151A190E5006007EE82B /* tris.png in Resources */ = {isa = PBXBuildFile; fileRef = 33B614EA190E5006007EE82B /* tris.png */; };
		33B6151B190E5006007EE82B /* weapon.md2 in Resources */ = {isa = PBXBuildFile; fileRef = 33B614EB190E5006007EE82B /* weapon.md2 */; };
		33B6151C190E5006007EE82B /* weapon.png in Resources */ = {isa = PBXBuildFile; fileRef = 33B614EC190E5006007EE82B /* weapon.png */; };
		33B6152B190E5006007EE82B /* SpaceRocksAtlas.png in Resources */ = {isa = PBXBuildFile; fileRef = 33B614FD190E5006007EE82B /* SpaceRocksAtlas.png */; };
		33B6152C190E5006007EE82B /* test.png in Resources */ = {isa = PBXBuildFile; fileRef = 33B614FE190E5006007EE82B /* test.png */; };
		33B61538190E54C3007EE82B /* GameLayer.mm in Sources */ = {isa = PBXBuildFile; fileRef = 33B6152F190E54C3007EE82B /* GameLayer.mm */; };
		33B6153A190E54C3007EE82B /* HLAppDelegate.mm in Sources */ = {isa = PBXBuildFile; fileRef = 33B61531190E54C3007EE82B /* HLAppDelegate.mm */; };
		33B6153C190E54C3007EE82B /* HLEGLView.mm in Sources */ = {isa = PBXBuildFile; fileRef = 33B61533190E54C3007EE82B /* HLEGLView.mm */; };
		33B6153E190E54C3007EE82B /* HLViewController.mm in Sources */ = {isa = PBXBuildFile; fileRef = 33B61535190E54C3007EE82B /* HLViewController.mm */; };
		33B61540190E54C3007EE82B /* ShaderTestLayer.m in Sources */ = {isa = PBXBuildFile; fileRef = 33B61537190E54C3007EE82B /* ShaderTestLayer.m */; };
		33B616F8190E7418007EE82B /* HLAppDelegate.m in Sources */ = {isa = PBXBuildFile; fileRef = 33B616F5190E7418007EE82B /* HLAppDelegate.m */; };
		33B616F9190E7418007EE82B /* HLGLView.m in Sources */ = {isa = PBXBuildFile; fileRef = 33B616F7190E7418007EE82B /* HLGLView.m */; };
		33B616FC190E747A007EE82B /* HLDirectorMac.m in Sources */ = {isa = PBXBuildFile; fileRef = 33B616FB190E747A007EE82B /* HLDirectorMac.m */; };
		33B616FF190E7EAA007EE82B /* ccShader_Position_uColor.frag in Resources */ = {isa = PBXBuildFile; fileRef = 33B614EE190E5006007EE82B /* ccShader_Position_uColor.frag */; };
		33B61700190E7EAA007EE82B /* ccShader_Position_uColor.vert in Resources */ = {isa = PBXBuildFile; fileRef = 33B614EF190E5006007EE82B /* ccShader_Position_uColor.vert */; };
		33B61701190E7EAA007EE82B /* ccShader_PositionColor.frag in Resources */ = {isa = PBXBuildFile; fileRef = 33B614F0190E5006007EE82B /* ccShader_PositionColor.frag */; };
		33B61702190E7EAA007EE82B /* ccShader_PositionColor.vert in Resources */ = {isa = PBXBuildFile; fileRef = 33B614F1190E5006007EE82B /* ccShader_PositionColor.vert */; };
		33B61703190E7EAA007EE82B /* ccShader_PositionColorLight.frag in Resources */ = {isa = PBXBuildFile; fileRef = 33B614F2190E5006007EE82B /* ccShader_PositionColorLight.frag */; };
		33B61704190E7EAA007EE82B /* ccShader_PositionColorLight.vert in Resources */ = {isa = PBXBuildFile; fileRef = 33B614F3190E5006007EE82B /* ccShader_PositionColorLight.vert */; };
		33B61705190E7EAA007EE82B /* ccShader_PositionTexture.frag in Resources */ = {isa = PBXBuildFile; fileRef = 33B614F4190E5006007EE82B /* ccShader_PositionTexture.frag */; };
		33B61706190E7EAA007EE82B /* ccShader_PositionTexture.vert in Resources */ = {isa = PBXBuildFile; fileRef = 33B614F5190E5006007EE82B /* ccShader_PositionTexture.vert */; };
		33B61707190E7EAA007EE82B /* ccShader_PositionTextureColor.frag in Resources */ = {isa = PBXBuildFile; fileRef = 33B614F6190E5006007EE82B /* ccShader_PositionTextureColor.frag */; };
		33B61708190E7EAA007EE82B /* ccShader_PositionTextureColor.vert in Resources */ = {isa = PBXBuildFile; fileRef = 33B614F7190E5006007EE82B /* ccShader_PositionTextureColor.vert */; };
		33B61709190E7EAA007EE82B /* ccShader_PositionTextureLight.frag in Resources */ = {isa = PBXBuildFile; fileRef = 33B614F8190E5006007EE82B /* ccShader_PositionTextureLight.frag */; };
		33B6170A190E7EAA007EE82B /* ccShader_PositionTextureLight.vert in Resources */ = {isa = PBXBuildFile; fileRef = 33B614F9190E5006007EE82B /* ccShader_PositionTextureLight.vert */; };
		33B6170B190E7EAA007EE82B /* ccShaderWaves.frag in Resources */ = {isa = PBXBuildFile; fileRef = 33B614FB190E5006007EE82B /* ccShaderWaves.frag */; };
		33B6170C190E7EAA007EE82B /* ccShaderWaves.vert in Resources */ = {isa = PBXBuildFile; fileRef = 33B614FC190E5006007EE82B /* ccShaderWaves.vert */; };
		33C7EAD418F795D60061D784 /* HL3Node.mm in Sources */ = {isa = PBXBuildFile; fileRef = 33C7EAD318F795D50061D784 /* HL3Node.mm */; };
		33C7EAE118F7DE1F0061D784 /* HL3Foundation.m in Sources */ = {isa = PBXBuildFile; fileRef = 33C7EAE018F7DE1F0061D784 /* HL3Foundation.m */; };
		33C7EAE418F7E35D0061D784 /* HLParametricSurface.mm in Sources */ = {isa = PBXBuildFile; fileRef = 33C7EAE318F7E35D0061D784 /* HLParametricSurface.mm */; };
		33CD6A3F18E50A05006AD2EC /* TransformUtils.mm in Sources */ = {isa = PBXBuildFile; fileRef = 33CD6A3E18E50A05006AD2EC /* TransformUtils.mm */; };
		33CEC6F018E25F0100B889E6 /* HLTypes.m in Sources */ = {isa = PBXBuildFile; fileRef = 33CEC6EF18E25F0100B889E6 /* HLTypes.m */; };
		33D76AFF191729F400549358 /* HLScheduler.mm in Sources */ = {isa = PBXBuildFile; fileRef = 33D76AFE191729F400549358 /* HLScheduler.mm */; };
		33D76B04191763F400549358 /* Circle.png in Resources */ = {isa = PBXBuildFile; fileRef = 33D76B03191763F400549358 /* Circle.png */; };
		33D76B07191765FF00549358 /* BlendLayer.mm in Sources */ = {isa = PBXBuildFile; fileRef = 33D76B06191765FF00549358 /* BlendLayer.mm */; };
		33D76B09191785D700549358 /* Grille.png in Resources */ = {isa = PBXBuildFile; fileRef = 33D76B08191785D600549358 /* Grille.png */; };
		33DB32E518E3FA22002EA575 /* HLScene.mm in Sources */ = {isa = PBXBuildFile; fileRef = 33DB32E418E3FA22002EA575 /* HLScene.mm */; };
		33DF15A8191B9F4C00F99187 /* StencilTestLayer.mm in Sources */ = {isa = PBXBuildFile; fileRef = 33DF15A7191B9F4C00F99187 /* StencilTestLayer.mm */; };
		33E4A67418EEB867006CBFC3 /* HLLayer.mm in Sources */ = {isa = PBXBuildFile; fileRef = 33E4A67318EEB867006CBFC3 /* HLLayer.mm */; };
		33E8D2D618E14B7400E1D735 /* HLSprite.mm in Sources */ = {isa = PBXBuildFile; fileRef = 33E8D2D518E14B7400E1D735 /* HLSprite.mm */; };
		33E8D2DA18E15D1500E1D735 /* HLDirector.m in Sources */ = {isa = PBXBuildFile; fileRef = 33E8D2D918E15D1500E1D735 /* HLDirector.m */; };
		33E8D2E018E17E7F00E1D735 /* HLGLProgram.m in Sources */ = {isa = PBXBuildFile; fileRef = 33E8D2DF18E17E7F00E1D735 /* HLGLProgram.m */; };
		33E8D2E318E17FD300E1D735 /* HLShaderCache.m in Sources */ = {isa = PBXBuildFile; fileRef = 33E8D2E218E17FD300E1D735 /* HLShaderCache.m */; };
		33E8D4A518E1AFF200E1D735 /* HLGLStateCache.m in Sources */ = {isa = PBXBuildFile; fileRef = 33E8D4A418E1AFF100E1D735 /* HLGLStateCache.m */; };
		33E9EFF518E0156C00A34046 /* UIKit.framework in Frameworks */ = {isa = PBXBuildFile; fileRef = 33E9EFF418E0156C00A34046 /* UIKit.framework */; };
		33E9EFF718E0156C00A34046 /* Foundation.framework in Frameworks */ = {isa = PBXBuildFile; fileRef = 33E9EFF618E0156C00A34046 /* Foundation.framework */; };
		33E9EFF918E0156C00A34046 /* CoreGraphics.framework in Frameworks */ = {isa = PBXBuildFile; fileRef = 33E9EFF818E0156C00A34046 /* CoreGraphics.framework */; };
		33E9F04818E01F9900A34046 /* aabb.c in Sources */ = {isa = PBXBuildFile; fileRef = 33E9F03818E01F9900A34046 /* aabb.c */; };
		33E9F04918E01F9900A34046 /* ChangeLog in Resources */ = {isa = PBXBuildFile; fileRef = 33E9F03918E01F9900A34046 /* ChangeLog */; };
		33E9F04A18E01F9900A34046 /* CMakeLists.txt in Resources */ = {isa = PBXBuildFile; fileRef = 33E9F03A18E01F9900A34046 /* CMakeLists.txt */; };
		33E9F04B18E01F9900A34046 /* mat4stack.c in Sources */ = {isa = PBXBuildFile; fileRef = 33E9F03C18E01F9900A34046 /* mat4stack.c */; };
		33E9F04C18E01F9900A34046 /* matrix.c in Sources */ = {isa = PBXBuildFile; fileRef = 33E9F03D18E01F9900A34046 /* matrix.c */; };
		33E9F04D18E01F9900A34046 /* mat3.c in Sources */ = {isa = PBXBuildFile; fileRef = 33E9F03E18E01F9900A34046 /* mat3.c */; };
		33E9F04E18E01F9900A34046 /* mat4.c in Sources */ = {isa = PBXBuildFile; fileRef = 33E9F03F18E01F9900A34046 /* mat4.c */; };
		33E9F04F18E01F9900A34046 /* neon_matrix_impl.c in Sources */ = {isa = PBXBuildFile; fileRef = 33E9F04018E01F9900A34046 /* neon_matrix_impl.c */; };
		33E9F05018E01F9900A34046 /* plane.c in Sources */ = {isa = PBXBuildFile; fileRef = 33E9F04118E01F9900A34046 /* plane.c */; };
		33E9F05118E01F9900A34046 /* quaternion.c in Sources */ = {isa = PBXBuildFile; fileRef = 33E9F04218E01F9900A34046 /* quaternion.c */; };
		33E9F05218E01F9900A34046 /* ray2.c in Sources */ = {isa = PBXBuildFile; fileRef = 33E9F04318E01F9900A34046 /* ray2.c */; };
		33E9F05318E01F9900A34046 /* utility.c in Sources */ = {isa = PBXBuildFile; fileRef = 33E9F04418E01F9900A34046 /* utility.c */; };
		33E9F05418E01F9900A34046 /* vec2.c in Sources */ = {isa = PBXBuildFile; fileRef = 33E9F04518E01F9900A34046 /* vec2.c */; };
		33E9F05518E01F9900A34046 /* vec3.c in Sources */ = {isa = PBXBuildFile; fileRef = 33E9F04618E01F9900A34046 /* vec3.c */; };
		33E9F05618E01F9900A34046 /* vec4.c in Sources */ = {isa = PBXBuildFile; fileRef = 33E9F04718E01F9900A34046 /* vec4.c */; };
		33E9F05C18E0232000A34046 /* QuartzCore.framework in Frameworks */ = {isa = PBXBuildFile; fileRef = 33E9F05B18E0232000A34046 /* QuartzCore.framework */; };
		33E9F05E18E0232B00A34046 /* OpenGLES.framework in Frameworks */ = {isa = PBXBuildFile; fileRef = 33E9F05D18E0232B00A34046 /* OpenGLES.framework */; };
		33E9F06A18E0332100A34046 /* HLNode.mm in Sources */ = {isa = PBXBuildFile; fileRef = 33E9F06918E0332100A34046 /* HLNode.mm */; };
		33E9F07218E036A300A34046 /* HLTexture.mm in Sources */ = {isa = PBXBuildFile; fileRef = 33E9F06D18E036A300A34046 /* HLTexture.mm */; };
		33E9F07318E036A300A34046 /* HLTextureCache.mm in Sources */ = {isa = PBXBuildFile; fileRef = 33E9F06F18E036A300A34046 /* HLTextureCache.mm */; };
		33E9F07418E036A300A34046 /* HLTextureQuad.mm in Sources */ = {isa = PBXBuildFile; fileRef = 33E9F07118E036A300A34046 /* HLTextureQuad.mm */; };
		33F45AC118F66F9000FB5C8D /* HLDrawingPrimitives.m in Sources */ = {isa = PBXBuildFile; fileRef = 33F45AC018F66F9000FB5C8D /* HLDrawingPrimitives.m */; };
		33F45ACB18F6943E00FB5C8D /* HLCamera.m in Sources */ = {isa = PBXBuildFile; fileRef = 33F45ACA18F6943E00FB5C8D /* HLCamera.m */; };
		33F9063D18FCD41700E2F3F7 /* libiconv.dylib in Frameworks */ = {isa = PBXBuildFile; fileRef = 33F9063C18FCD41700E2F3F7 /* libiconv.dylib */; };
		33F9064A18FCD7B800E2F3F7 /* HLWireframeKleinBottle.mm in Sources */ = {isa = PBXBuildFile; fileRef = 33F9064118FCD7B800E2F3F7 /* HLWireframeKleinBottle.mm */; };
		33F9064B18FCD7B800E2F3F7 /* HLWireframeMobiusStrip.mm in Sources */ = {isa = PBXBuildFile; fileRef = 33F9064318FCD7B800E2F3F7 /* HLWireframeMobiusStrip.mm */; };
		33F9064C18FCD7B800E2F3F7 /* HLWireframeTorus.mm in Sources */ = {isa = PBXBuildFile; fileRef = 33F9064518FCD7B800E2F3F7 /* HLWireframeTorus.mm */; };
		33F9064D18FCD7B800E2F3F7 /* HLWireframeTrefoilKnot.mm in Sources */ = {isa = PBXBuildFile; fileRef = 33F9064718FCD7B800E2F3F7 /* HLWireframeTrefoilKnot.mm */; };
		33F9064E18FCD7B800E2F3F7 /* HLWireframSphere.mm in Sources */ = {isa = PBXBuildFile; fileRef = 33F9064918FCD7B800E2F3F7 /* HLWireframSphere.mm */; };
/* End PBXBuildFile section */

/* Begin PBXFileReference section */
		33073157191F507E001A7487 /* HLClippingNode.h */ = {isa = PBXFileReference; fileEncoding = 4; lastKnownFileType = sourcecode.c.h; path = HLClippingNode.h; sourceTree = "<group>"; };
		33073158191F507E001A7487 /* HLClippingNode.m */ = {isa = PBXFileReference; fileEncoding = 4; lastKnownFileType = sourcecode.c.objc; path = HLClippingNode.m; sourceTree = "<group>"; };
		33073159191F507E001A7487 /* HLDrawNode.h */ = {isa = PBXFileReference; fileEncoding = 4; lastKnownFileType = sourcecode.c.h; path = HLDrawNode.h; sourceTree = "<group>"; };
		3307315A191F507E001A7487 /* HLDrawNode.m */ = {isa = PBXFileReference; fileEncoding = 4; lastKnownFileType = sourcecode.c.objc; path = HLDrawNode.m; sourceTree = "<group>"; };
		3307315D191F6BCF001A7487 /* ccShader_PositionColorLengthTexture.frag */ = {isa = PBXFileReference; fileEncoding = 4; lastKnownFileType = sourcecode.glsl; path = ccShader_PositionColorLengthTexture.frag; sourceTree = "<group>"; };
		3307315E191F6BCF001A7487 /* ccShader_PositionColorLengthTexture.vert */ = {isa = PBXFileReference; fileEncoding = 4; lastKnownFileType = sourcecode.glsl; path = ccShader_PositionColorLengthTexture.vert; sourceTree = "<group>"; };
		338A85D518FBB18900E04921 /* HL3Sprite.h */ = {isa = PBXFileReference; fileEncoding = 4; lastKnownFileType = sourcecode.c.h; path = HL3Sprite.h; sourceTree = "<group>"; };
		338A85D618FBB18900E04921 /* HL3Sprite.mm */ = {isa = PBXFileReference; fileEncoding = 4; lastKnownFileType = sourcecode.cpp.objcpp; path = HL3Sprite.mm; sourceTree = "<group>"; };
		338CF6121907775E0036C4DC /* HLMD2Animation.mm */ = {isa = PBXFileReference; fileEncoding = 4; lastKnownFileType = sourcecode.cpp.objcpp; path = HLMD2Animation.mm; sourceTree = "<group>"; };
		338CF6131907775E0036C4DC /* HLMD2Animation.h */ = {isa = PBXFileReference; fileEncoding = 4; lastKnownFileType = sourcecode.c.h; path = HLMD2Animation.h; sourceTree = "<group>"; };
		338CF6181907B5510036C4DC /* HL3Light.h */ = {isa = PBXFileReference; fileEncoding = 4; lastKnownFileType = sourcecode.c.h; path = HL3Light.h; sourceTree = "<group>"; };
		338CF6191907B5510036C4DC /* HL3Light.mm */ = {isa = PBXFileReference; fileEncoding = 4; lastKnownFileType = sourcecode.cpp.objcpp; path = HL3Light.mm; sourceTree = "<group>"; };
		3391A2AB18EE827500783D2B /* ccMacros.h */ = {isa = PBXFileReference; lastKnownFileType = sourcecode.c.h; path = ccMacros.h; sourceTree = "<group>"; };
		3393A6031914A5D000602BDA /* Tarsier.png */ = {isa = PBXFileReference; lastKnownFileType = image.png; path = Tarsier.png; sourceTree = "<group>"; };
		339AC3FB18F9400E00864A39 /* HL3Matrix4x4.cpp */ = {isa = PBXFileReference; fileEncoding = 4; lastKnownFileType = sourcecode.cpp.cpp; path = HL3Matrix4x4.cpp; sourceTree = "<group>"; };
		339AC3FC18F9400E00864A39 /* HL3Matrix4x4.h */ = {isa = PBXFileReference; fileEncoding = 4; lastKnownFileType = sourcecode.c.h; path = HL3Matrix4x4.h; sourceTree = "<group>"; };
		339AC3FE18F951FB00864A39 /* HL3Camera.h */ = {isa = PBXFileReference; fileEncoding = 4; lastKnownFileType = sourcecode.c.h; path = HL3Camera.h; sourceTree = "<group>"; };
		339AC3FF18F951FB00864A39 /* HL3Camera.m */ = {isa = PBXFileReference; fileEncoding = 4; lastKnownFileType = sourcecode.c.objc; path = HL3Camera.m; sourceTree = "<group>"; };
		33AE9FB41910C079004923C3 /* Grid16.png */ = {isa = PBXFileReference; lastKnownFileType = image.png; path = Grid16.png; sourceTree = "<group>"; };
		33B2517918FE742A0067533C /* HLMD2.mm */ = {isa = PBXFileReference; fileEncoding = 4; lastKnownFileType = sourcecode.cpp.objcpp; path = HLMD2.mm; sourceTree = "<group>"; };
		33B2517A18FE742A0067533C /* HLMD2.h */ = {isa = PBXFileReference; fileEncoding = 4; lastKnownFileType = sourcecode.c.h; path = HLMD2.h; sourceTree = "<group>"; };
		33B2517F18FE77F70067533C /* HL3Model.mm */ = {isa = PBXFileReference; fileEncoding = 4; lastKnownFileType = sourcecode.cpp.objcpp; path = HL3Model.mm; sourceTree = "<group>"; };
		33B2518018FE77F70067533C /* HL3Model.h */ = {isa = PBXFileReference; fileEncoding = 4; lastKnownFileType = sourcecode.c.h; path = HL3Model.h; sourceTree = "<group>"; };
		33B614A7190E4D71007EE82B /* GameEngine_MacOs.app */ = {isa = PBXFileReference; explicitFileType = wrapper.application; includeInIndex = 0; path = GameEngine_MacOs.app; sourceTree = BUILT_PRODUCTS_DIR; };
		33B614A8190E4D71007EE82B /* Cocoa.framework */ = {isa = PBXFileReference; lastKnownFileType = wrapper.framework; name = Cocoa.framework; path = Library/Frameworks/Cocoa.framework; sourceTree = DEVELOPER_DIR; };
		33B614AB190E4D71007EE82B /* AppKit.framework */ = {isa = PBXFileReference; lastKnownFileType = wrapper.framework; name = AppKit.framework; path = Library/Frameworks/AppKit.framework; sourceTree = SDKROOT; };
		33B614AC190E4D71007EE82B /* CoreData.framework */ = {isa = PBXFileReference; lastKnownFileType = wrapper.framework; name = CoreData.framework; path = Library/Frameworks/CoreData.framework; sourceTree = SDKROOT; };
		33B614AD190E4D71007EE82B /* Foundation.framework */ = {isa = PBXFileReference; lastKnownFileType = wrapper.framework; name = Foundation.framework; path = Library/Frameworks/Foundation.framework; sourceTree = SDKROOT; };
		33B614B0190E4D71007EE82B /* GameEngine_MacOs-Info.plist */ = {isa = PBXFileReference; lastKnownFileType = text.plist.xml; path = "GameEngine_MacOs-Info.plist"; sourceTree = "<group>"; };
		33B614B2190E4D71007EE82B /* en */ = {isa = PBXFileReference; lastKnownFileType = text.plist.strings; name = en; path = en.lproj/InfoPlist.strings; sourceTree = "<group>"; };
		33B614B4190E4D71007EE82B /* main.m */ = {isa = PBXFileReference; lastKnownFileType = sourcecode.c.objc; path = main.m; sourceTree = "<group>"; };
		33B614B6190E4D71007EE82B /* GameEngine_MacOs-Prefix.pch */ = {isa = PBXFileReference; lastKnownFileType = sourcecode.c.h; path = "GameEngine_MacOs-Prefix.pch"; sourceTree = "<group>"; };
		33B614B8190E4D71007EE82B /* en */ = {isa = PBXFileReference; lastKnownFileType = text.rtf; name = en; path = en.lproj/Credits.rtf; sourceTree = "<group>"; };
		33B614BE190E4D71007EE82B /* en */ = {isa = PBXFileReference; lastKnownFileType = file.xib; name = en; path = en.lproj/MainMenu.xib; sourceTree = "<group>"; };
		33B614C4190E5006007EE82B /* Default-568h@2x.png */ = {isa = PBXFileReference; lastKnownFileType = image.png; path = "Default-568h@2x.png"; sourceTree = "<group>"; };
		33B614C5190E5006007EE82B /* Default.png */ = {isa = PBXFileReference; lastKnownFileType = image.png; path = Default.png; sourceTree = "<group>"; };
		33B614C6190E5006007EE82B /* Default@2x.png */ = {isa = PBXFileReference; lastKnownFileType = image.png; path = "Default@2x.png"; sourceTree = "<group>"; };
		33B614C8190E5006007EE82B /* en */ = {isa = PBXFileReference; lastKnownFileType = text.plist.strings; name = en; path = en.lproj/InfoPlist.strings; sourceTree = "<group>"; };
		33B614CB190E5006007EE82B /* girl.fbx */ = {isa = PBXFileReference; lastKnownFileType = file; path = girl.fbx; sourceTree = "<group>"; };
		33B614CC190E5006007EE82B /* girl.max */ = {isa = PBXFileReference; lastKnownFileType = file; path = girl.max; sourceTree = "<group>"; };
		33B614CD190E5006007EE82B /* SDO_W1063_coat.png */ = {isa = PBXFileReference; lastKnownFileType = image.png; path = SDO_W1063_coat.png; sourceTree = "<group>"; };
		33B614CE190E5006007EE82B /* SDO_W1063_hair.png */ = {isa = PBXFileReference; lastKnownFileType = image.png; path = SDO_W1063_hair.png; sourceTree = "<group>"; };
		33B614CF190E5006007EE82B /* SDO_W1063_pant.png */ = {isa = PBXFileReference; lastKnownFileType = image.png; path = SDO_W1063_pant.png; sourceTree = "<group>"; };
		33B614D0190E5006007EE82B /* SDO_W1063_shoes.png */ = {isa = PBXFileReference; lastKnownFileType = image.png; path = SDO_W1063_shoes.png; sourceTree = "<group>"; };
		33B614D1190E5006007EE82B /* W_Basic_Coat2.png */ = {isa = PBXFileReference; lastKnownFileType = image.png; path = W_Basic_Coat2.png; sourceTree = "<group>"; };
		33B614D2190E5006007EE82B /* W_Basic_face.png */ = {isa = PBXFileReference; lastKnownFileType = image.png; path = W_Basic_face.png; sourceTree = "<group>"; };
		33B614D3190E5006007EE82B /* W_Basic_pants.png */ = {isa = PBXFileReference; lastKnownFileType = image.png; path = W_Basic_pants.png; sourceTree = "<group>"; };
		33B614D4190E5006007EE82B /* W_Basic_Pants2.png */ = {isa = PBXFileReference; lastKnownFileType = image.png; path = W_Basic_Pants2.png; sourceTree = "<group>"; };
		33B614E0190E5006007EE82B /* GameEngine-Info.plist */ = {isa = PBXFileReference; fileEncoding = 4; lastKnownFileType = text.plist.xml; path = "GameEngine-Info.plist"; sourceTree = "<group>"; };
		33B614E1190E5006007EE82B /* GameEngine-Prefix.pch */ = {isa = PBXFileReference; fileEncoding = 4; lastKnownFileType = sourcecode.c.h; path = "GameEngine-Prefix.pch"; sourceTree = "<group>"; };
		33B614E2190E5006007EE82B /* icon.png */ = {isa = PBXFileReference; lastKnownFileType = image.png; path = icon.png; sourceTree = "<group>"; };
		33B614E3190E5006007EE82B /* main.m */ = {isa = PBXFileReference; fileEncoding = 4; lastKnownFileType = sourcecode.c.objc; path = main.m; sourceTree = "<group>"; };
		33B614E5190E5006007EE82B /* terran.md2 */ = {isa = PBXFileReference; lastKnownFileType = file; path = terran.md2; sourceTree = "<group>"; };
		33B614E6190E5006007EE82B /* terran.png */ = {isa = PBXFileReference; lastKnownFileType = image.png; path = terran.png; sourceTree = "<group>"; };
		33B614E7190E5006007EE82B /* terran_weapon.md2 */ = {isa = PBXFileReference; lastKnownFileType = file; path = terran_weapon.md2; sourceTree = "<group>"; };
		33B614E8190E5006007EE82B /* terran_weapon.png */ = {isa = PBXFileReference; lastKnownFileType = image.png; path = terran_weapon.png; sourceTree = "<group>"; };
		33B614E9190E5006007EE82B /* tris.md2 */ = {isa = PBXFileReference; lastKnownFileType = file; path = tris.md2; sourceTree = "<group>"; };
		33B614EA190E5006007EE82B /* tris.png */ = {isa = PBXFileReference; lastKnownFileType = image.png; path = tris.png; sourceTree = "<group>"; };
		33B614EB190E5006007EE82B /* weapon.md2 */ = {isa = PBXFileReference; lastKnownFileType = file; path = weapon.md2; sourceTree = "<group>"; };
		33B614EC190E5006007EE82B /* weapon.png */ = {isa = PBXFileReference; lastKnownFileType = image.png; path = weapon.png; sourceTree = "<group>"; };
		33B614EE190E5006007EE82B /* ccShader_Position_uColor.frag */ = {isa = PBXFileReference; fileEncoding = 4; lastKnownFileType = sourcecode.glsl; path = ccShader_Position_uColor.frag; sourceTree = "<group>"; };
		33B614EF190E5006007EE82B /* ccShader_Position_uColor.vert */ = {isa = PBXFileReference; fileEncoding = 4; lastKnownFileType = sourcecode.glsl; path = ccShader_Position_uColor.vert; sourceTree = "<group>"; };
		33B614F0190E5006007EE82B /* ccShader_PositionColor.frag */ = {isa = PBXFileReference; fileEncoding = 4; lastKnownFileType = sourcecode.glsl; path = ccShader_PositionColor.frag; sourceTree = "<group>"; };
		33B614F1190E5006007EE82B /* ccShader_PositionColor.vert */ = {isa = PBXFileReference; fileEncoding = 4; lastKnownFileType = sourcecode.glsl; path = ccShader_PositionColor.vert; sourceTree = "<group>"; };
		33B614F2190E5006007EE82B /* ccShader_PositionColorLight.frag */ = {isa = PBXFileReference; fileEncoding = 4; lastKnownFileType = sourcecode.glsl; path = ccShader_PositionColorLight.frag; sourceTree = "<group>"; };
		33B614F3190E5006007EE82B /* ccShader_PositionColorLight.vert */ = {isa = PBXFileReference; fileEncoding = 4; lastKnownFileType = sourcecode.glsl; path = ccShader_PositionColorLight.vert; sourceTree = "<group>"; };
		33B614F4190E5006007EE82B /* ccShader_PositionTexture.frag */ = {isa = PBXFileReference; fileEncoding = 4; lastKnownFileType = sourcecode.glsl; path = ccShader_PositionTexture.frag; sourceTree = "<group>"; };
		33B614F5190E5006007EE82B /* ccShader_PositionTexture.vert */ = {isa = PBXFileReference; fileEncoding = 4; lastKnownFileType = sourcecode.glsl; path = ccShader_PositionTexture.vert; sourceTree = "<group>"; };
		33B614F6190E5006007EE82B /* ccShader_PositionTextureColor.frag */ = {isa = PBXFileReference; fileEncoding = 4; lastKnownFileType = sourcecode.glsl; path = ccShader_PositionTextureColor.frag; sourceTree = "<group>"; };
		33B614F7190E5006007EE82B /* ccShader_PositionTextureColor.vert */ = {isa = PBXFileReference; fileEncoding = 4; lastKnownFileType = sourcecode.glsl; path = ccShader_PositionTextureColor.vert; sourceTree = "<group>"; };
		33B614F8190E5006007EE82B /* ccShader_PositionTextureLight.frag */ = {isa = PBXFileReference; fileEncoding = 4; lastKnownFileType = sourcecode.glsl; path = ccShader_PositionTextureLight.frag; sourceTree = "<group>"; };
		33B614F9190E5006007EE82B /* ccShader_PositionTextureLight.vert */ = {isa = PBXFileReference; fileEncoding = 4; lastKnownFileType = sourcecode.glsl; path = ccShader_PositionTextureLight.vert; sourceTree = "<group>"; };
		33B614FB190E5006007EE82B /* ccShaderWaves.frag */ = {isa = PBXFileReference; fileEncoding = 4; lastKnownFileType = sourcecode.glsl; path = ccShaderWaves.frag; sourceTree = "<group>"; };
		33B614FC190E5006007EE82B /* ccShaderWaves.vert */ = {isa = PBXFileReference; fileEncoding = 4; lastKnownFileType = sourcecode.glsl; path = ccShaderWaves.vert; sourceTree = "<group>"; };
		33B614FD190E5006007EE82B /* SpaceRocksAtlas.png */ = {isa = PBXFileReference; lastKnownFileType = image.png; path = SpaceRocksAtlas.png; sourceTree = "<group>"; };
		33B614FE190E5006007EE82B /* test.png */ = {isa = PBXFileReference; lastKnownFileType = image.png; path = test.png; sourceTree = "<group>"; };
		33B6152E190E54C3007EE82B /* GameLayer.h */ = {isa = PBXFileReference; fileEncoding = 4; lastKnownFileType = sourcecode.c.h; path = GameLayer.h; sourceTree = "<group>"; };
		33B6152F190E54C3007EE82B /* GameLayer.mm */ = {isa = PBXFileReference; fileEncoding = 4; lastKnownFileType = sourcecode.cpp.objcpp; path = GameLayer.mm; sourceTree = "<group>"; };
		33B61530190E54C3007EE82B /* HLAppDelegate.h */ = {isa = PBXFileReference; fileEncoding = 4; lastKnownFileType = sourcecode.c.h; path = HLAppDelegate.h; sourceTree = "<group>"; };
		33B61531190E54C3007EE82B /* HLAppDelegate.mm */ = {isa = PBXFileReference; fileEncoding = 4; lastKnownFileType = sourcecode.cpp.objcpp; path = HLAppDelegate.mm; sourceTree = "<group>"; };
		33B61532190E54C3007EE82B /* HLEGLView.h */ = {isa = PBXFileReference; fileEncoding = 4; lastKnownFileType = sourcecode.c.h; path = HLEGLView.h; sourceTree = "<group>"; };
		33B61533190E54C3007EE82B /* HLEGLView.mm */ = {isa = PBXFileReference; fileEncoding = 4; lastKnownFileType = sourcecode.cpp.objcpp; path = HLEGLView.mm; sourceTree = "<group>"; };
		33B61534190E54C3007EE82B /* HLViewController.h */ = {isa = PBXFileReference; fileEncoding = 4; lastKnownFileType = sourcecode.c.h; path = HLViewController.h; sourceTree = "<group>"; };
		33B61535190E54C3007EE82B /* HLViewController.mm */ = {isa = PBXFileReference; fileEncoding = 4; lastKnownFileType = sourcecode.cpp.objcpp; path = HLViewController.mm; sourceTree = "<group>"; };
		33B61536190E54C3007EE82B /* ShaderTestLayer.h */ = {isa = PBXFileReference; fileEncoding = 4; lastKnownFileType = sourcecode.c.h; path = ShaderTestLayer.h; sourceTree = "<group>"; };
		33B61537190E54C3007EE82B /* ShaderTestLayer.m */ = {isa = PBXFileReference; fileEncoding = 4; lastKnownFileType = sourcecode.c.objc; path = ShaderTestLayer.m; sourceTree = "<group>"; };
		33B616F4190E7418007EE82B /* HLAppDelegate.h */ = {isa = PBXFileReference; fileEncoding = 4; lastKnownFileType = sourcecode.c.h; path = HLAppDelegate.h; sourceTree = "<group>"; };
		33B616F5190E7418007EE82B /* HLAppDelegate.m */ = {isa = PBXFileReference; fileEncoding = 4; lastKnownFileType = sourcecode.c.objc; path = HLAppDelegate.m; sourceTree = "<group>"; };
		33B616F6190E7418007EE82B /* HLGLView.h */ = {isa = PBXFileReference; fileEncoding = 4; lastKnownFileType = sourcecode.c.h; path = HLGLView.h; sourceTree = "<group>"; };
		33B616F7190E7418007EE82B /* HLGLView.m */ = {isa = PBXFileReference; fileEncoding = 4; lastKnownFileType = sourcecode.c.objc; path = HLGLView.m; sourceTree = "<group>"; };
		33B616FA190E747A007EE82B /* HLDirectorMac.h */ = {isa = PBXFileReference; fileEncoding = 4; lastKnownFileType = sourcecode.c.h; path = HLDirectorMac.h; sourceTree = "<group>"; };
		33B616FB190E747A007EE82B /* HLDirectorMac.m */ = {isa = PBXFileReference; fileEncoding = 4; lastKnownFileType = sourcecode.c.objc; path = HLDirectorMac.m; sourceTree = "<group>"; };
		33C7EAD218F795D50061D784 /* HL3Node.h */ = {isa = PBXFileReference; fileEncoding = 4; lastKnownFileType = sourcecode.c.h; path = HL3Node.h; sourceTree = "<group>"; };
		33C7EAD318F795D50061D784 /* HL3Node.mm */ = {isa = PBXFileReference; fileEncoding = 4; lastKnownFileType = sourcecode.cpp.objcpp; path = HL3Node.mm; sourceTree = "<group>"; };
		33C7EADF18F7DE1F0061D784 /* HL3Foundation.h */ = {isa = PBXFileReference; fileEncoding = 4; lastKnownFileType = sourcecode.c.h; path = HL3Foundation.h; sourceTree = "<group>"; };
		33C7EAE018F7DE1F0061D784 /* HL3Foundation.m */ = {isa = PBXFileReference; fileEncoding = 4; lastKnownFileType = sourcecode.c.objc; path = HL3Foundation.m; sourceTree = "<group>"; };
		33C7EAE218F7E35D0061D784 /* HLParametricSurface.h */ = {isa = PBXFileReference; fileEncoding = 4; lastKnownFileType = sourcecode.c.h; path = HLParametricSurface.h; sourceTree = "<group>"; };
		33C7EAE318F7E35D0061D784 /* HLParametricSurface.mm */ = {isa = PBXFileReference; fileEncoding = 4; lastKnownFileType = sourcecode.cpp.objcpp; path = HLParametricSurface.mm; sourceTree = "<group>"; };
		33CD6A3D18E50A05006AD2EC /* TransformUtils.h */ = {isa = PBXFileReference; fileEncoding = 4; lastKnownFileType = sourcecode.c.h; path = TransformUtils.h; sourceTree = "<group>"; };
		33CD6A3E18E50A05006AD2EC /* TransformUtils.mm */ = {isa = PBXFileReference; fileEncoding = 4; lastKnownFileType = sourcecode.cpp.objcpp; path = TransformUtils.mm; sourceTree = "<group>"; };
		33CEC6EE18E25F0100B889E6 /* HLTypes.h */ = {isa = PBXFileReference; fileEncoding = 4; lastKnownFileType = sourcecode.c.h; path = HLTypes.h; sourceTree = "<group>"; };
		33CEC6EF18E25F0100B889E6 /* HLTypes.m */ = {isa = PBXFileReference; fileEncoding = 4; lastKnownFileType = sourcecode.c.objc; path = HLTypes.m; sourceTree = "<group>"; };
		33D76AFD191729F400549358 /* HLScheduler.h */ = {isa = PBXFileReference; fileEncoding = 4; lastKnownFileType = sourcecode.c.h; path = HLScheduler.h; sourceTree = "<group>"; };
		33D76AFE191729F400549358 /* HLScheduler.mm */ = {isa = PBXFileReference; fileEncoding = 4; lastKnownFileType = sourcecode.cpp.objcpp; path = HLScheduler.mm; sourceTree = "<group>"; };
		33D76B0119172A7C00549358 /* uthash.h */ = {isa = PBXFileReference; fileEncoding = 4; lastKnownFileType = sourcecode.c.h; path = uthash.h; sourceTree = "<group>"; };
		33D76B0219172A7C00549358 /* utlist.h */ = {isa = PBXFileReference; fileEncoding = 4; lastKnownFileType = sourcecode.c.h; path = utlist.h; sourceTree = "<group>"; };
		33D76B03191763F400549358 /* Circle.png */ = {isa = PBXFileReference; lastKnownFileType = image.png; path = Circle.png; sourceTree = "<group>"; };
		33D76B05191765FE00549358 /* BlendLayer.h */ = {isa = PBXFileReference; fileEncoding = 4; lastKnownFileType = sourcecode.c.h; path = BlendLayer.h; sourceTree = "<group>"; };
		33D76B06191765FF00549358 /* BlendLayer.mm */ = {isa = PBXFileReference; fileEncoding = 4; lastKnownFileType = sourcecode.cpp.objcpp; path = BlendLayer.mm; sourceTree = "<group>"; };
		33D76B08191785D600549358 /* Grille.png */ = {isa = PBXFileReference; lastKnownFileType = image.png; path = Grille.png; sourceTree = "<group>"; };
		33DB32E318E3FA22002EA575 /* HLScene.h */ = {isa = PBXFileReference; fileEncoding = 4; lastKnownFileType = sourcecode.c.h; path = HLScene.h; sourceTree = "<group>"; };
		33DB32E418E3FA22002EA575 /* HLScene.mm */ = {isa = PBXFileReference; fileEncoding = 4; lastKnownFileType = sourcecode.cpp.objcpp; path = HLScene.mm; sourceTree = "<group>"; };
		33DF15A6191B9F4C00F99187 /* StencilTestLayer.h */ = {isa = PBXFileReference; fileEncoding = 4; lastKnownFileType = sourcecode.c.h; path = StencilTestLayer.h; sourceTree = "<group>"; };
		33DF15A7191B9F4C00F99187 /* StencilTestLayer.mm */ = {isa = PBXFileReference; fileEncoding = 4; lastKnownFileType = sourcecode.cpp.objcpp; path = StencilTestLayer.mm; sourceTree = "<group>"; };
		33E4A67218EEB867006CBFC3 /* HLLayer.h */ = {isa = PBXFileReference; fileEncoding = 4; lastKnownFileType = sourcecode.c.h; path = HLLayer.h; sourceTree = "<group>"; };
		33E4A67318EEB867006CBFC3 /* HLLayer.mm */ = {isa = PBXFileReference; fileEncoding = 4; lastKnownFileType = sourcecode.cpp.objcpp; path = HLLayer.mm; sourceTree = "<group>"; };
		33E8D2D418E14B7400E1D735 /* HLSprite.h */ = {isa = PBXFileReference; fileEncoding = 4; lastKnownFileType = sourcecode.c.h; path = HLSprite.h; sourceTree = "<group>"; };
		33E8D2D518E14B7400E1D735 /* HLSprite.mm */ = {isa = PBXFileReference; fileEncoding = 4; lastKnownFileType = sourcecode.cpp.objcpp; path = HLSprite.mm; sourceTree = "<group>"; };
		33E8D2D818E15D1500E1D735 /* HLDirector.h */ = {isa = PBXFileReference; fileEncoding = 4; lastKnownFileType = sourcecode.c.h; path = HLDirector.h; sourceTree = "<group>"; };
		33E8D2D918E15D1500E1D735 /* HLDirector.m */ = {isa = PBXFileReference; fileEncoding = 4; lastKnownFileType = sourcecode.c.objc; path = HLDirector.m; sourceTree = "<group>"; };
		33E8D2DE18E17E7E00E1D735 /* HLGLProgram.h */ = {isa = PBXFileReference; fileEncoding = 4; lastKnownFileType = sourcecode.c.h; path = HLGLProgram.h; sourceTree = "<group>"; };
		33E8D2DF18E17E7F00E1D735 /* HLGLProgram.m */ = {isa = PBXFileReference; fileEncoding = 4; lastKnownFileType = sourcecode.c.objc; path = HLGLProgram.m; sourceTree = "<group>"; };
		33E8D2E118E17FD200E1D735 /* HLShaderCache.h */ = {isa = PBXFileReference; fileEncoding = 4; lastKnownFileType = sourcecode.c.h; path = HLShaderCache.h; sourceTree = "<group>"; };
		33E8D2E218E17FD300E1D735 /* HLShaderCache.m */ = {isa = PBXFileReference; fileEncoding = 4; lastKnownFileType = sourcecode.c.objc; path = HLShaderCache.m; sourceTree = "<group>"; };
		33E8D4A318E1AFF100E1D735 /* HLGLStateCache.h */ = {isa = PBXFileReference; fileEncoding = 4; lastKnownFileType = sourcecode.c.h; path = HLGLStateCache.h; sourceTree = "<group>"; };
		33E8D4A418E1AFF100E1D735 /* HLGLStateCache.m */ = {isa = PBXFileReference; fileEncoding = 4; lastKnownFileType = sourcecode.c.objc; path = HLGLStateCache.m; sourceTree = "<group>"; };
		33E9EFF118E0156C00A34046 /* GameEngine_IOS.app */ = {isa = PBXFileReference; explicitFileType = wrapper.application; includeInIndex = 0; path = GameEngine_IOS.app; sourceTree = BUILT_PRODUCTS_DIR; };
		33E9EFF418E0156C00A34046 /* UIKit.framework */ = {isa = PBXFileReference; lastKnownFileType = wrapper.framework; name = UIKit.framework; path = System/Library/Frameworks/UIKit.framework; sourceTree = SDKROOT; };
		33E9EFF618E0156C00A34046 /* Foundation.framework */ = {isa = PBXFileReference; lastKnownFileType = wrapper.framework; name = Foundation.framework; path = System/Library/Frameworks/Foundation.framework; sourceTree = SDKROOT; };
		33E9EFF818E0156C00A34046 /* CoreGraphics.framework */ = {isa = PBXFileReference; lastKnownFileType = wrapper.framework; name = CoreGraphics.framework; path = System/Library/Frameworks/CoreGraphics.framework; sourceTree = SDKROOT; };
		33E9F02818E01F9900A34046 /* aabb.h */ = {isa = PBXFileReference; fileEncoding = 4; lastKnownFileType = sourcecode.c.h; path = aabb.h; sourceTree = "<group>"; };
		33E9F02A18E01F9900A34046 /* mat4stack.h */ = {isa = PBXFileReference; fileEncoding = 4; lastKnownFileType = sourcecode.c.h; path = mat4stack.h; sourceTree = "<group>"; };
		33E9F02B18E01F9900A34046 /* matrix.h */ = {isa = PBXFileReference; fileEncoding = 4; lastKnownFileType = sourcecode.c.h; path = matrix.h; sourceTree = "<group>"; };
		33E9F02C18E01F9900A34046 /* kazmath.h */ = {isa = PBXFileReference; fileEncoding = 4; lastKnownFileType = sourcecode.c.h; path = kazmath.h; sourceTree = "<group>"; };
		33E9F02D18E01F9900A34046 /* mat3.h */ = {isa = PBXFileReference; fileEncoding = 4; lastKnownFileType = sourcecode.c.h; path = mat3.h; sourceTree = "<group>"; };
		33E9F02E18E01F9900A34046 /* mat4.h */ = {isa = PBXFileReference; fileEncoding = 4; lastKnownFileType = sourcecode.c.h; path = mat4.h; sourceTree = "<group>"; };
		33E9F02F18E01F9900A34046 /* neon_matrix_impl.h */ = {isa = PBXFileReference; fileEncoding = 4; lastKnownFileType = sourcecode.c.h; path = neon_matrix_impl.h; sourceTree = "<group>"; };
		33E9F03018E01F9900A34046 /* plane.h */ = {isa = PBXFileReference; fileEncoding = 4; lastKnownFileType = sourcecode.c.h; path = plane.h; sourceTree = "<group>"; };
		33E9F03118E01F9900A34046 /* quaternion.h */ = {isa = PBXFileReference; fileEncoding = 4; lastKnownFileType = sourcecode.c.h; path = quaternion.h; sourceTree = "<group>"; };
		33E9F03218E01F9900A34046 /* ray2.h */ = {isa = PBXFileReference; fileEncoding = 4; lastKnownFileType = sourcecode.c.h; path = ray2.h; sourceTree = "<group>"; };
		33E9F03318E01F9900A34046 /* utility.h */ = {isa = PBXFileReference; fileEncoding = 4; lastKnownFileType = sourcecode.c.h; path = utility.h; sourceTree = "<group>"; };
		33E9F03418E01F9900A34046 /* vec2.h */ = {isa = PBXFileReference; fileEncoding = 4; lastKnownFileType = sourcecode.c.h; path = vec2.h; sourceTree = "<group>"; };
		33E9F03518E01F9900A34046 /* vec3.h */ = {isa = PBXFileReference; fileEncoding = 4; lastKnownFileType = sourcecode.c.h; path = vec3.h; sourceTree = "<group>"; };
		33E9F03618E01F9900A34046 /* vec4.h */ = {isa = PBXFileReference; fileEncoding = 4; lastKnownFileType = sourcecode.c.h; path = vec4.h; sourceTree = "<group>"; };
		33E9F03818E01F9900A34046 /* aabb.c */ = {isa = PBXFileReference; fileEncoding = 4; lastKnownFileType = sourcecode.c.c; path = aabb.c; sourceTree = "<group>"; };
		33E9F03918E01F9900A34046 /* ChangeLog */ = {isa = PBXFileReference; fileEncoding = 4; lastKnownFileType = text; path = ChangeLog; sourceTree = "<group>"; };
		33E9F03A18E01F9900A34046 /* CMakeLists.txt */ = {isa = PBXFileReference; fileEncoding = 4; lastKnownFileType = text; path = CMakeLists.txt; sourceTree = "<group>"; };
		33E9F03C18E01F9900A34046 /* mat4stack.c */ = {isa = PBXFileReference; fileEncoding = 4; lastKnownFileType = sourcecode.c.c; path = mat4stack.c; sourceTree = "<group>"; };
		33E9F03D18E01F9900A34046 /* matrix.c */ = {isa = PBXFileReference; fileEncoding = 4; lastKnownFileType = sourcecode.c.c; path = matrix.c; sourceTree = "<group>"; };
		33E9F03E18E01F9900A34046 /* mat3.c */ = {isa = PBXFileReference; fileEncoding = 4; lastKnownFileType = sourcecode.c.c; path = mat3.c; sourceTree = "<group>"; };
		33E9F03F18E01F9900A34046 /* mat4.c */ = {isa = PBXFileReference; fileEncoding = 4; lastKnownFileType = sourcecode.c.c; path = mat4.c; sourceTree = "<group>"; };
		33E9F04018E01F9900A34046 /* neon_matrix_impl.c */ = {isa = PBXFileReference; fileEncoding = 4; lastKnownFileType = sourcecode.c.c; path = neon_matrix_impl.c; sourceTree = "<group>"; };
		33E9F04118E01F9900A34046 /* plane.c */ = {isa = PBXFileReference; fileEncoding = 4; lastKnownFileType = sourcecode.c.c; path = plane.c; sourceTree = "<group>"; };
		33E9F04218E01F9900A34046 /* quaternion.c */ = {isa = PBXFileReference; fileEncoding = 4; lastKnownFileType = sourcecode.c.c; path = quaternion.c; sourceTree = "<group>"; };
		33E9F04318E01F9900A34046 /* ray2.c */ = {isa = PBXFileReference; fileEncoding = 4; lastKnownFileType = sourcecode.c.c; path = ray2.c; sourceTree = "<group>"; };
		33E9F04418E01F9900A34046 /* utility.c */ = {isa = PBXFileReference; fileEncoding = 4; lastKnownFileType = sourcecode.c.c; path = utility.c; sourceTree = "<group>"; };
		33E9F04518E01F9900A34046 /* vec2.c */ = {isa = PBXFileReference; fileEncoding = 4; lastKnownFileType = sourcecode.c.c; path = vec2.c; sourceTree = "<group>"; };
		33E9F04618E01F9900A34046 /* vec3.c */ = {isa = PBXFileReference; fileEncoding = 4; lastKnownFileType = sourcecode.c.c; path = vec3.c; sourceTree = "<group>"; };
		33E9F04718E01F9900A34046 /* vec4.c */ = {isa = PBXFileReference; fileEncoding = 4; lastKnownFileType = sourcecode.c.c; path = vec4.c; sourceTree = "<group>"; };
		33E9F05B18E0232000A34046 /* QuartzCore.framework */ = {isa = PBXFileReference; lastKnownFileType = wrapper.framework; name = QuartzCore.framework; path = System/Library/Frameworks/QuartzCore.framework; sourceTree = SDKROOT; };
		33E9F05D18E0232B00A34046 /* OpenGLES.framework */ = {isa = PBXFileReference; lastKnownFileType = wrapper.framework; name = OpenGLES.framework; path = System/Library/Frameworks/OpenGLES.framework; sourceTree = SDKROOT; };
		33E9F06818E0332100A34046 /* HLNode.h */ = {isa = PBXFileReference; fileEncoding = 4; lastKnownFileType = sourcecode.c.h; path = HLNode.h; sourceTree = "<group>"; };
		33E9F06918E0332100A34046 /* HLNode.mm */ = {isa = PBXFileReference; fileEncoding = 4; lastKnownFileType = sourcecode.cpp.objcpp; path = HLNode.mm; sourceTree = "<group>"; };
		33E9F06C18E036A300A34046 /* HLTexture.h */ = {isa = PBXFileReference; fileEncoding = 4; lastKnownFileType = sourcecode.c.h; path = HLTexture.h; sourceTree = "<group>"; };
		33E9F06D18E036A300A34046 /* HLTexture.mm */ = {isa = PBXFileReference; fileEncoding = 4; lastKnownFileType = sourcecode.cpp.objcpp; path = HLTexture.mm; sourceTree = "<group>"; };
		33E9F06E18E036A300A34046 /* HLTextureCache.h */ = {isa = PBXFileReference; fileEncoding = 4; lastKnownFileType = sourcecode.c.h; path = HLTextureCache.h; sourceTree = "<group>"; };
		33E9F06F18E036A300A34046 /* HLTextureCache.mm */ = {isa = PBXFileReference; fileEncoding = 4; lastKnownFileType = sourcecode.cpp.objcpp; path = HLTextureCache.mm; sourceTree = "<group>"; };
		33E9F07018E036A300A34046 /* HLTextureQuad.h */ = {isa = PBXFileReference; fileEncoding = 4; lastKnownFileType = sourcecode.c.h; path = HLTextureQuad.h; sourceTree = "<group>"; };
		33E9F07118E036A300A34046 /* HLTextureQuad.mm */ = {isa = PBXFileReference; fileEncoding = 4; lastKnownFileType = sourcecode.cpp.objcpp; path = HLTextureQuad.mm; sourceTree = "<group>"; };
		33F45ABF18F66F9000FB5C8D /* HLDrawingPrimitives.h */ = {isa = PBXFileReference; fileEncoding = 4; lastKnownFileType = sourcecode.c.h; path = HLDrawingPrimitives.h; sourceTree = "<group>"; };
		33F45AC018F66F9000FB5C8D /* HLDrawingPrimitives.m */ = {isa = PBXFileReference; fileEncoding = 4; lastKnownFileType = sourcecode.c.objc; path = HLDrawingPrimitives.m; sourceTree = "<group>"; };
		33F45AC918F6943D00FB5C8D /* HLCamera.h */ = {isa = PBXFileReference; fileEncoding = 4; lastKnownFileType = sourcecode.c.h; path = HLCamera.h; sourceTree = "<group>"; };
		33F45ACA18F6943E00FB5C8D /* HLCamera.m */ = {isa = PBXFileReference; fileEncoding = 4; lastKnownFileType = sourcecode.c.objc; path = HLCamera.m; sourceTree = "<group>"; };
		33F9063C18FCD41700E2F3F7 /* libiconv.dylib */ = {isa = PBXFileReference; lastKnownFileType = "compiled.mach-o.dylib"; name = libiconv.dylib; path = usr/lib/libiconv.dylib; sourceTree = SDKROOT; };
		33F9063F18FCD7B800E2F3F7 /* HLSurface.h */ = {isa = PBXFileReference; fileEncoding = 4; lastKnownFileType = sourcecode.c.h; path = HLSurface.h; sourceTree = "<group>"; };
		33F9064018FCD7B800E2F3F7 /* HLWireframeKleinBottle.h */ = {isa = PBXFileReference; fileEncoding = 4; lastKnownFileType = sourcecode.c.h; path = HLWireframeKleinBottle.h; sourceTree = "<group>"; };
		33F9064118FCD7B800E2F3F7 /* HLWireframeKleinBottle.mm */ = {isa = PBXFileReference; fileEncoding = 4; lastKnownFileType = sourcecode.cpp.objcpp; path = HLWireframeKleinBottle.mm; sourceTree = "<group>"; };
		33F9064218FCD7B800E2F3F7 /* HLWireframeMobiusStrip.h */ = {isa = PBXFileReference; fileEncoding = 4; lastKnownFileType = sourcecode.c.h; path = HLWireframeMobiusStrip.h; sourceTree = "<group>"; };
		33F9064318FCD7B800E2F3F7 /* HLWireframeMobiusStrip.mm */ = {isa = PBXFileReference; fileEncoding = 4; lastKnownFileType = sourcecode.cpp.objcpp; path = HLWireframeMobiusStrip.mm; sourceTree = "<group>"; };
		33F9064418FCD7B800E2F3F7 /* HLWireframeTorus.h */ = {isa = PBXFileReference; fileEncoding = 4; lastKnownFileType = sourcecode.c.h; path = HLWireframeTorus.h; sourceTree = "<group>"; };
		33F9064518FCD7B800E2F3F7 /* HLWireframeTorus.mm */ = {isa = PBXFileReference; fileEncoding = 4; lastKnownFileType = sourcecode.cpp.objcpp; path = HLWireframeTorus.mm; sourceTree = "<group>"; };
		33F9064618FCD7B800E2F3F7 /* HLWireframeTrefoilKnot.h */ = {isa = PBXFileReference; fileEncoding = 4; lastKnownFileType = sourcecode.c.h; path = HLWireframeTrefoilKnot.h; sourceTree = "<group>"; };
		33F9064718FCD7B800E2F3F7 /* HLWireframeTrefoilKnot.mm */ = {isa = PBXFileReference; fileEncoding = 4; lastKnownFileType = sourcecode.cpp.objcpp; path = HLWireframeTrefoilKnot.mm; sourceTree = "<group>"; };
		33F9064818FCD7B800E2F3F7 /* HLWireframSphere.h */ = {isa = PBXFileReference; fileEncoding = 4; lastKnownFileType = sourcecode.c.h; path = HLWireframSphere.h; sourceTree = "<group>"; };
		33F9064918FCD7B800E2F3F7 /* HLWireframSphere.mm */ = {isa = PBXFileReference; fileEncoding = 4; lastKnownFileType = sourcecode.cpp.objcpp; path = HLWireframSphere.mm; sourceTree = "<group>"; };
/* End PBXFileReference section */

/* Begin PBXFrameworksBuildPhase section */
		33B614A4190E4D71007EE82B /* Frameworks */ = {
			isa = PBXFrameworksBuildPhase;
			buildActionMask = 2147483647;
			files = (
				33B614A9190E4D71007EE82B /* Cocoa.framework in Frameworks */,
			);
			runOnlyForDeploymentPostprocessing = 0;
		};
		33E9EFEE18E0156C00A34046 /* Frameworks */ = {
			isa = PBXFrameworksBuildPhase;
			buildActionMask = 2147483647;
			files = (
				33F9063D18FCD41700E2F3F7 /* libiconv.dylib in Frameworks */,
				33E9F05E18E0232B00A34046 /* OpenGLES.framework in Frameworks */,
				33E9F05C18E0232000A34046 /* QuartzCore.framework in Frameworks */,
				33E9EFF518E0156C00A34046 /* UIKit.framework in Frameworks */,
				33E9EFF718E0156C00A34046 /* Foundation.framework in Frameworks */,
				33E9EFF918E0156C00A34046 /* CoreGraphics.framework in Frameworks */,
			);
			runOnlyForDeploymentPostprocessing = 0;
		};
/* End PBXFrameworksBuildPhase section */

/* Begin PBXGroup section */
		33073156191F507E001A7487 /* clipping */ = {
			isa = PBXGroup;
			children = (
				33073157191F507E001A7487 /* HLClippingNode.h */,
				33073158191F507E001A7487 /* HLClippingNode.m */,
				33073159191F507E001A7487 /* HLDrawNode.h */,
				3307315A191F507E001A7487 /* HLDrawNode.m */,
			);
			path = clipping;
			sourceTree = "<group>";
		};
		33B2517718FE73400067533C /* MD2 */ = {
			isa = PBXGroup;
			children = (
				33B2517A18FE742A0067533C /* HLMD2.h */,
				33B2517918FE742A0067533C /* HLMD2.mm */,
				338CF6131907775E0036C4DC /* HLMD2Animation.h */,
				338CF6121907775E0036C4DC /* HLMD2Animation.mm */,
			);
			path = MD2;
			sourceTree = "<group>";
		};
		33B614AA190E4D71007EE82B /* Other Frameworks */ = {
			isa = PBXGroup;
			children = (
				33B614AB190E4D71007EE82B /* AppKit.framework */,
				33B614AC190E4D71007EE82B /* CoreData.framework */,
				33B614AD190E4D71007EE82B /* Foundation.framework */,
			);
			name = "Other Frameworks";
			sourceTree = "<group>";
		};
		33B614AE190E4D71007EE82B /* GameEngine_MacOs */ = {
			isa = PBXGroup;
			children = (
				33B616F3190E7418007EE82B /* MacOS */,
				33B614BD190E4D71007EE82B /* MainMenu.xib */,
				33B614AF190E4D71007EE82B /* Supporting Files */,
			);
			path = GameEngine_MacOs;
			sourceTree = "<group>";
		};
		33B614AF190E4D71007EE82B /* Supporting Files */ = {
			isa = PBXGroup;
			children = (
				33B614B0190E4D71007EE82B /* GameEngine_MacOs-Info.plist */,
				33B614B1190E4D71007EE82B /* InfoPlist.strings */,
				33B614B4190E4D71007EE82B /* main.m */,
				33B614B6190E4D71007EE82B /* GameEngine_MacOs-Prefix.pch */,
				33B614B7190E4D71007EE82B /* Credits.rtf */,
			);
			name = "Supporting Files";
			sourceTree = "<group>";
		};
		33B614C3190E5006007EE82B /* GameEngine_IOS */ = {
			isa = PBXGroup;
			children = (
				33D76B08191785D600549358 /* Grille.png */,
				33D76B03191763F400549358 /* Circle.png */,
				3393A6031914A5D000602BDA /* Tarsier.png */,
				33AE9FB41910C079004923C3 /* Grid16.png */,
				33B614C4190E5006007EE82B /* Default-568h@2x.png */,
				33B614C5190E5006007EE82B /* Default.png */,
				33B614C6190E5006007EE82B /* Default@2x.png */,
				33B614C7190E5006007EE82B /* InfoPlist.strings */,
				33B614C9190E5006007EE82B /* fbxLoader_resource */,
				33B614E0190E5006007EE82B /* GameEngine-Info.plist */,
				33B614E1190E5006007EE82B /* GameEngine-Prefix.pch */,
				33B614E2190E5006007EE82B /* icon.png */,
				33B614E3190E5006007EE82B /* main.m */,
				33B614E4190E5006007EE82B /* md2 */,
				33B614ED190E5006007EE82B /* shaders */,
				33B614FD190E5006007EE82B /* SpaceRocksAtlas.png */,
				33B614FE190E5006007EE82B /* test.png */,
			);
			path = GameEngine_IOS;
			sourceTree = "<group>";
		};
		33B614C9190E5006007EE82B /* fbxLoader_resource */ = {
			isa = PBXGroup;
			children = (
				33B614CA190E5006007EE82B /* girl */,
			);
			path = fbxLoader_resource;
			sourceTree = "<group>";
		};
		33B614CA190E5006007EE82B /* girl */ = {
			isa = PBXGroup;
			children = (
				33B614CB190E5006007EE82B /* girl.fbx */,
				33B614CC190E5006007EE82B /* girl.max */,
				33B614CD190E5006007EE82B /* SDO_W1063_coat.png */,
				33B614CE190E5006007EE82B /* SDO_W1063_hair.png */,
				33B614CF190E5006007EE82B /* SDO_W1063_pant.png */,
				33B614D0190E5006007EE82B /* SDO_W1063_shoes.png */,
				33B614D1190E5006007EE82B /* W_Basic_Coat2.png */,
				33B614D2190E5006007EE82B /* W_Basic_face.png */,
				33B614D3190E5006007EE82B /* W_Basic_pants.png */,
				33B614D4190E5006007EE82B /* W_Basic_Pants2.png */,
			);
			path = girl;
			sourceTree = "<group>";
		};
		33B614E4190E5006007EE82B /* md2 */ = {
			isa = PBXGroup;
			children = (
				33B614E5190E5006007EE82B /* terran.md2 */,
				33B614E6190E5006007EE82B /* terran.png */,
				33B614E7190E5006007EE82B /* terran_weapon.md2 */,
				33B614E8190E5006007EE82B /* terran_weapon.png */,
				33B614E9190E5006007EE82B /* tris.md2 */,
				33B614EA190E5006007EE82B /* tris.png */,
				33B614EB190E5006007EE82B /* weapon.md2 */,
				33B614EC190E5006007EE82B /* weapon.png */,
			);
			path = md2;
			sourceTree = "<group>";
		};
		33B614ED190E5006007EE82B /* shaders */ = {
			isa = PBXGroup;
			children = (
				3307315D191F6BCF001A7487 /* ccShader_PositionColorLengthTexture.frag */,
				3307315E191F6BCF001A7487 /* ccShader_PositionColorLengthTexture.vert */,
				33B614EE190E5006007EE82B /* ccShader_Position_uColor.frag */,
				33B614EF190E5006007EE82B /* ccShader_Position_uColor.vert */,
				33B614F0190E5006007EE82B /* ccShader_PositionColor.frag */,
				33B614F1190E5006007EE82B /* ccShader_PositionColor.vert */,
				33B614F4190E5006007EE82B /* ccShader_PositionTexture.frag */,
				33B614F5190E5006007EE82B /* ccShader_PositionTexture.vert */,
				33B614F6190E5006007EE82B /* ccShader_PositionTextureColor.frag */,
				33B614F7190E5006007EE82B /* ccShader_PositionTextureColor.vert */,
				33B614F2190E5006007EE82B /* ccShader_PositionColorLight.frag */,
				33B614F3190E5006007EE82B /* ccShader_PositionColorLight.vert */,
				33B614F8190E5006007EE82B /* ccShader_PositionTextureLight.frag */,
				33B614F9190E5006007EE82B /* ccShader_PositionTextureLight.vert */,
				33B614FA190E5006007EE82B /* custom */,
			);
			path = shaders;
			sourceTree = "<group>";
		};
		33B614FA190E5006007EE82B /* custom */ = {
			isa = PBXGroup;
			children = (
				33B614FB190E5006007EE82B /* ccShaderWaves.frag */,
				33B614FC190E5006007EE82B /* ccShaderWaves.vert */,
			);
			path = custom;
			sourceTree = "<group>";
		};
		33B6152D190E54C3007EE82B /* Game */ = {
			isa = PBXGroup;
			children = (
				33B6152E190E54C3007EE82B /* GameLayer.h */,
				33B6152F190E54C3007EE82B /* GameLayer.mm */,
				33B61530190E54C3007EE82B /* HLAppDelegate.h */,
				33B61531190E54C3007EE82B /* HLAppDelegate.mm */,
				33B61532190E54C3007EE82B /* HLEGLView.h */,
				33B61533190E54C3007EE82B /* HLEGLView.mm */,
				33B61534190E54C3007EE82B /* HLViewController.h */,
				33B61535190E54C3007EE82B /* HLViewController.mm */,
				33B61536190E54C3007EE82B /* ShaderTestLayer.h */,
				33B61537190E54C3007EE82B /* ShaderTestLayer.m */,
				33D76B05191765FE00549358 /* BlendLayer.h */,
				33D76B06191765FF00549358 /* BlendLayer.mm */,
				33DF15A6191B9F4C00F99187 /* StencilTestLayer.h */,
				33DF15A7191B9F4C00F99187 /* StencilTestLayer.mm */,
			);
			path = Game;
			sourceTree = SOURCE_ROOT;
		};
		33B616F3190E7418007EE82B /* MacOS */ = {
			isa = PBXGroup;
			children = (
				33B616F4190E7418007EE82B /* HLAppDelegate.h */,
				33B616F5190E7418007EE82B /* HLAppDelegate.m */,
				33B616F6190E7418007EE82B /* HLGLView.h */,
				33B616F7190E7418007EE82B /* HLGLView.m */,
				33B616FA190E747A007EE82B /* HLDirectorMac.h */,
				33B616FB190E747A007EE82B /* HLDirectorMac.m */,
			);
			path = MacOS;
			sourceTree = "<group>";
		};
		33C7EADB18F7DB620061D784 /* 3dMath */ = {
			isa = PBXGroup;
			children = (
				33C7EADF18F7DE1F0061D784 /* HL3Foundation.h */,
				33C7EAE018F7DE1F0061D784 /* HL3Foundation.m */,
				339AC3FC18F9400E00864A39 /* HL3Matrix4x4.h */,
				339AC3FB18F9400E00864A39 /* HL3Matrix4x4.cpp */,
			);
			path = 3dMath;
			sourceTree = "<group>";
		};
		33D76AFC1917273300549358 /* Schedule */ = {
			isa = PBXGroup;
			children = (
				33D76AFD191729F400549358 /* HLScheduler.h */,
				33D76AFE191729F400549358 /* HLScheduler.mm */,
			);
			path = Schedule;
			sourceTree = "<group>";
		};
		33D76B0019172A7C00549358 /* uthash */ = {
			isa = PBXGroup;
			children = (
				33D76B0119172A7C00549358 /* uthash.h */,
				33D76B0219172A7C00549358 /* utlist.h */,
			);
			path = uthash;
			sourceTree = "<group>";
		};
		33E8D2D718E15CFB00E1D735 /* component */ = {
			isa = PBXGroup;
			children = (
				33CD6A3D18E50A05006AD2EC /* TransformUtils.h */,
				33CD6A3E18E50A05006AD2EC /* TransformUtils.mm */,
				33E8D2D818E15D1500E1D735 /* HLDirector.h */,
				33E8D2D918E15D1500E1D735 /* HLDirector.m */,
				33E8D2DE18E17E7E00E1D735 /* HLGLProgram.h */,
				33E8D2DF18E17E7F00E1D735 /* HLGLProgram.m */,
				33E8D2E118E17FD200E1D735 /* HLShaderCache.h */,
				33E8D2E218E17FD300E1D735 /* HLShaderCache.m */,
				33E8D4A318E1AFF100E1D735 /* HLGLStateCache.h */,
				33E8D4A418E1AFF100E1D735 /* HLGLStateCache.m */,
				33CEC6EE18E25F0100B889E6 /* HLTypes.h */,
				33CEC6EF18E25F0100B889E6 /* HLTypes.m */,
				3391A2AB18EE827500783D2B /* ccMacros.h */,
				33F45AC918F6943D00FB5C8D /* HLCamera.h */,
				33F45ACA18F6943E00FB5C8D /* HLCamera.m */,
				33C7EAE218F7E35D0061D784 /* HLParametricSurface.h */,
				33C7EAE318F7E35D0061D784 /* HLParametricSurface.mm */,
				339AC3FE18F951FB00864A39 /* HL3Camera.h */,
				339AC3FF18F951FB00864A39 /* HL3Camera.m */,
				33B2518018FE77F70067533C /* HL3Model.h */,
				33B2517F18FE77F70067533C /* HL3Model.mm */,
				338CF6181907B5510036C4DC /* HL3Light.h */,
				338CF6191907B5510036C4DC /* HL3Light.mm */,
			);
			path = component;
			sourceTree = "<group>";
		};
		33E9EFE818E0156C00A34046 = {
			isa = PBXGroup;
			children = (
				33E9EFFA18E0156C00A34046 /* GameEngine */,
				33B614AE190E4D71007EE82B /* GameEngine_MacOs */,
				33B614C3190E5006007EE82B /* GameEngine_IOS */,
				33E9EFF318E0156C00A34046 /* Frameworks */,
				33E9EFF218E0156C00A34046 /* Products */,
			);
			sourceTree = "<group>";
		};
		33E9EFF218E0156C00A34046 /* Products */ = {
			isa = PBXGroup;
			children = (
				33E9EFF118E0156C00A34046 /* GameEngine_IOS.app */,
				33B614A7190E4D71007EE82B /* GameEngine_MacOs.app */,
			);
			name = Products;
			sourceTree = "<group>";
		};
		33E9EFF318E0156C00A34046 /* Frameworks */ = {
			isa = PBXGroup;
			children = (
				33F9063C18FCD41700E2F3F7 /* libiconv.dylib */,
				33E9F05D18E0232B00A34046 /* OpenGLES.framework */,
				33E9F05B18E0232000A34046 /* QuartzCore.framework */,
				33E9EFF418E0156C00A34046 /* UIKit.framework */,
				33E9EFF618E0156C00A34046 /* Foundation.framework */,
				33E9EFF818E0156C00A34046 /* CoreGraphics.framework */,
				33B614A8190E4D71007EE82B /* Cocoa.framework */,
				33B614AA190E4D71007EE82B /* Other Frameworks */,
			);
			name = Frameworks;
			sourceTree = "<group>";
		};
		33E9EFFA18E0156C00A34046 /* GameEngine */ = {
			isa = PBXGroup;
			children = (
				33E9F01A18E0173C00A34046 /* HL3D */,
				33B6152D190E54C3007EE82B /* Game */,
			);
			path = GameEngine;
			sourceTree = "<group>";
		};
		33E9F01A18E0173C00A34046 /* HL3D */ = {
			isa = PBXGroup;
			children = (
				33073156191F507E001A7487 /* clipping */,
				33D76B0019172A7C00549358 /* uthash */,
				33D76AFC1917273300549358 /* Schedule */,
				33B2517718FE73400067533C /* MD2 */,
				33F9063E18FCD7B800E2F3F7 /* wireframe */,
				33C7EADB18F7DB620061D784 /* 3dMath */,
				33E8D2D718E15CFB00E1D735 /* component */,
				33E9F06B18E0367C00A34046 /* texture */,
				33E9F06218E02D5800A34046 /* base_nodes */,
				33E9F02518E01F9900A34046 /* kazmath */,
			);
			path = HL3D;
			sourceTree = SOURCE_ROOT;
		};
		33E9F02518E01F9900A34046 /* kazmath */ = {
			isa = PBXGroup;
			children = (
				33E9F02618E01F9900A34046 /* include */,
				33E9F03718E01F9900A34046 /* src */,
			);
			path = kazmath;
			sourceTree = "<group>";
		};
		33E9F02618E01F9900A34046 /* include */ = {
			isa = PBXGroup;
			children = (
				33E9F02718E01F9900A34046 /* kazmath */,
			);
			path = include;
			sourceTree = "<group>";
		};
		33E9F02718E01F9900A34046 /* kazmath */ = {
			isa = PBXGroup;
			children = (
				33E9F02818E01F9900A34046 /* aabb.h */,
				33E9F02918E01F9900A34046 /* GL */,
				33E9F02C18E01F9900A34046 /* kazmath.h */,
				33E9F02D18E01F9900A34046 /* mat3.h */,
				33E9F02E18E01F9900A34046 /* mat4.h */,
				33E9F02F18E01F9900A34046 /* neon_matrix_impl.h */,
				33E9F03018E01F9900A34046 /* plane.h */,
				33E9F03118E01F9900A34046 /* quaternion.h */,
				33E9F03218E01F9900A34046 /* ray2.h */,
				33E9F03318E01F9900A34046 /* utility.h */,
				33E9F03418E01F9900A34046 /* vec2.h */,
				33E9F03518E01F9900A34046 /* vec3.h */,
				33E9F03618E01F9900A34046 /* vec4.h */,
			);
			path = kazmath;
			sourceTree = "<group>";
		};
		33E9F02918E01F9900A34046 /* GL */ = {
			isa = PBXGroup;
			children = (
				33E9F02A18E01F9900A34046 /* mat4stack.h */,
				33E9F02B18E01F9900A34046 /* matrix.h */,
			);
			path = GL;
			sourceTree = "<group>";
		};
		33E9F03718E01F9900A34046 /* src */ = {
			isa = PBXGroup;
			children = (
				33E9F03818E01F9900A34046 /* aabb.c */,
				33E9F03918E01F9900A34046 /* ChangeLog */,
				33E9F03A18E01F9900A34046 /* CMakeLists.txt */,
				33E9F03B18E01F9900A34046 /* GL */,
				33E9F03E18E01F9900A34046 /* mat3.c */,
				33E9F03F18E01F9900A34046 /* mat4.c */,
				33E9F04018E01F9900A34046 /* neon_matrix_impl.c */,
				33E9F04118E01F9900A34046 /* plane.c */,
				33E9F04218E01F9900A34046 /* quaternion.c */,
				33E9F04318E01F9900A34046 /* ray2.c */,
				33E9F04418E01F9900A34046 /* utility.c */,
				33E9F04518E01F9900A34046 /* vec2.c */,
				33E9F04618E01F9900A34046 /* vec3.c */,
				33E9F04718E01F9900A34046 /* vec4.c */,
			);
			path = src;
			sourceTree = "<group>";
		};
		33E9F03B18E01F9900A34046 /* GL */ = {
			isa = PBXGroup;
			children = (
				33E9F03C18E01F9900A34046 /* mat4stack.c */,
				33E9F03D18E01F9900A34046 /* matrix.c */,
			);
			path = GL;
			sourceTree = "<group>";
		};
		33E9F06218E02D5800A34046 /* base_nodes */ = {
			isa = PBXGroup;
			children = (
				33DB32E318E3FA22002EA575 /* HLScene.h */,
				33DB32E418E3FA22002EA575 /* HLScene.mm */,
				33C7EAD218F795D50061D784 /* HL3Node.h */,
				33C7EAD318F795D50061D784 /* HL3Node.mm */,
				33E9F06818E0332100A34046 /* HLNode.h */,
				33E9F06918E0332100A34046 /* HLNode.mm */,
				33E8D2D418E14B7400E1D735 /* HLSprite.h */,
				33E8D2D518E14B7400E1D735 /* HLSprite.mm */,
				338A85D518FBB18900E04921 /* HL3Sprite.h */,
				338A85D618FBB18900E04921 /* HL3Sprite.mm */,
				33E4A67218EEB867006CBFC3 /* HLLayer.h */,
				33E4A67318EEB867006CBFC3 /* HLLayer.mm */,
				33F45ABF18F66F9000FB5C8D /* HLDrawingPrimitives.h */,
				33F45AC018F66F9000FB5C8D /* HLDrawingPrimitives.m */,
			);
			path = base_nodes;
			sourceTree = "<group>";
		};
		33E9F06B18E0367C00A34046 /* texture */ = {
			isa = PBXGroup;
			children = (
				33E9F06C18E036A300A34046 /* HLTexture.h */,
				33E9F06D18E036A300A34046 /* HLTexture.mm */,
				33E9F06E18E036A300A34046 /* HLTextureCache.h */,
				33E9F06F18E036A300A34046 /* HLTextureCache.mm */,
				33E9F07018E036A300A34046 /* HLTextureQuad.h */,
				33E9F07118E036A300A34046 /* HLTextureQuad.mm */,
			);
			path = texture;
			sourceTree = "<group>";
		};
		33F9063E18FCD7B800E2F3F7 /* wireframe */ = {
			isa = PBXGroup;
			children = (
				33F9063F18FCD7B800E2F3F7 /* HLSurface.h */,
				33F9064018FCD7B800E2F3F7 /* HLWireframeKleinBottle.h */,
				33F9064118FCD7B800E2F3F7 /* HLWireframeKleinBottle.mm */,
				33F9064218FCD7B800E2F3F7 /* HLWireframeMobiusStrip.h */,
				33F9064318FCD7B800E2F3F7 /* HLWireframeMobiusStrip.mm */,
				33F9064418FCD7B800E2F3F7 /* HLWireframeTorus.h */,
				33F9064518FCD7B800E2F3F7 /* HLWireframeTorus.mm */,
				33F9064618FCD7B800E2F3F7 /* HLWireframeTrefoilKnot.h */,
				33F9064718FCD7B800E2F3F7 /* HLWireframeTrefoilKnot.mm */,
				33F9064818FCD7B800E2F3F7 /* HLWireframSphere.h */,
				33F9064918FCD7B800E2F3F7 /* HLWireframSphere.mm */,
			);
			path = wireframe;
			sourceTree = "<group>";
		};
/* End PBXGroup section */

/* Begin PBXNativeTarget section */
		33B614A6190E4D71007EE82B /* GameEngine_MacOs */ = {
			isa = PBXNativeTarget;
			buildConfigurationList = 33B614C2190E4D71007EE82B /* Build configuration list for PBXNativeTarget "GameEngine_MacOs" */;
			buildPhases = (
				33B614A3190E4D71007EE82B /* Sources */,
				33B614A4190E4D71007EE82B /* Frameworks */,
				33B614A5190E4D71007EE82B /* Resources */,
			);
			buildRules = (
			);
			dependencies = (
			);
			name = GameEngine_MacOs;
			productName = GameEngine_MacOs;
			productReference = 33B614A7190E4D71007EE82B /* GameEngine_MacOs.app */;
			productType = "com.apple.product-type.application";
		};
		33E9EFF018E0156C00A34046 /* GameEngine_IOS */ = {
			isa = PBXNativeTarget;
			buildConfigurationList = 33E9F01718E0156C00A34046 /* Build configuration list for PBXNativeTarget "GameEngine_IOS" */;
			buildPhases = (
				33E9EFED18E0156C00A34046 /* Sources */,
				33E9EFEE18E0156C00A34046 /* Frameworks */,
				33E9EFEF18E0156C00A34046 /* Resources */,
			);
			buildRules = (
			);
			dependencies = (
			);
			name = GameEngine_IOS;
			productName = GameEngine;
			productReference = 33E9EFF118E0156C00A34046 /* GameEngine_IOS.app */;
			productType = "com.apple.product-type.application";
		};
/* End PBXNativeTarget section */

/* Begin PBXProject section */
		33E9EFE918E0156C00A34046 /* Project object */ = {
			isa = PBXProject;
			attributes = {
				CLASSPREFIX = HL;
				LastUpgradeCheck = 0460;
				ORGANIZATIONNAME = Hoolai;
			};
			buildConfigurationList = 33E9EFEC18E0156C00A34046 /* Build configuration list for PBXProject "GameEngine" */;
			compatibilityVersion = "Xcode 3.2";
			developmentRegion = English;
			hasScannedForEncodings = 0;
			knownRegions = (
				en,
			);
			mainGroup = 33E9EFE818E0156C00A34046;
			productRefGroup = 33E9EFF218E0156C00A34046 /* Products */;
			projectDirPath = "";
			projectRoot = "";
			targets = (
				33E9EFF018E0156C00A34046 /* GameEngine_IOS */,
				33B614A6190E4D71007EE82B /* GameEngine_MacOs */,
			);
		};
/* End PBXProject section */

/* Begin PBXResourcesBuildPhase section */
		33B614A5190E4D71007EE82B /* Resources */ = {
			isa = PBXResourcesBuildPhase;
			buildActionMask = 2147483647;
			files = (
				33B614B3190E4D71007EE82B /* InfoPlist.strings in Resources */,
				33B614B9190E4D71007EE82B /* Credits.rtf in Resources */,
				33B614BF190E4D71007EE82B /* MainMenu.xib in Resources */,
			);
			runOnlyForDeploymentPostprocessing = 0;
		};
		33E9EFEF18E0156C00A34046 /* Resources */ = {
			isa = PBXResourcesBuildPhase;
			buildActionMask = 2147483647;
			files = (
				3398E0F61920683C00762FA9 /* ccShader_PositionColorLengthTexture.frag in Resources */,
				3398E0F71920683C00762FA9 /* ccShader_PositionColorLengthTexture.vert in Resources */,
				33B616FF190E7EAA007EE82B /* ccShader_Position_uColor.frag in Resources */,
				33B61700190E7EAA007EE82B /* ccShader_Position_uColor.vert in Resources */,
				33B61701190E7EAA007EE82B /* ccShader_PositionColor.frag in Resources */,
				33B61702190E7EAA007EE82B /* ccShader_PositionColor.vert in Resources */,
				33B61703190E7EAA007EE82B /* ccShader_PositionColorLight.frag in Resources */,
				33B61704190E7EAA007EE82B /* ccShader_PositionColorLight.vert in Resources */,
				33B61705190E7EAA007EE82B /* ccShader_PositionTexture.frag in Resources */,
				33B61706190E7EAA007EE82B /* ccShader_PositionTexture.vert in Resources */,
				33B61707190E7EAA007EE82B /* ccShader_PositionTextureColor.frag in Resources */,
				33B61708190E7EAA007EE82B /* ccShader_PositionTextureColor.vert in Resources */,
				33B61709190E7EAA007EE82B /* ccShader_PositionTextureLight.frag in Resources */,
				33B6170A190E7EAA007EE82B /* ccShader_PositionTextureLight.vert in Resources */,
				33B6170B190E7EAA007EE82B /* ccShaderWaves.frag in Resources */,
				33B6170C190E7EAA007EE82B /* ccShaderWaves.vert in Resources */,
				33E9F04918E01F9900A34046 /* ChangeLog in Resources */,
				33E9F04A18E01F9900A34046 /* CMakeLists.txt in Resources */,
				33B614FF190E5006007EE82B /* Default-568h@2x.png in Resources */,
				33B61500190E5006007EE82B /* Default.png in Resources */,
				33B61501190E5006007EE82B /* Default@2x.png in Resources */,
				33B61502190E5006007EE82B /* InfoPlist.strings in Resources */,
				33B61503190E5006007EE82B /* girl.fbx in Resources */,
				33B61504190E5006007EE82B /* girl.max in Resources */,
				33B61505190E5006007EE82B /* SDO_W1063_coat.png in Resources */,
				33B61506190E5006007EE82B /* SDO_W1063_hair.png in Resources */,
				33B61507190E5006007EE82B /* SDO_W1063_pant.png in Resources */,
				33B61508190E5006007EE82B /* SDO_W1063_shoes.png in Resources */,
				33B61509190E5006007EE82B /* W_Basic_Coat2.png in Resources */,
				33B6150A190E5006007EE82B /* W_Basic_face.png in Resources */,
				33B6150B190E5006007EE82B /* W_Basic_pants.png in Resources */,
				33B6150C190E5006007EE82B /* W_Basic_Pants2.png in Resources */,
				33B61512190E5006007EE82B /* GameEngine-Info.plist in Resources */,
				33B61513190E5006007EE82B /* icon.png in Resources */,
				33B61515190E5006007EE82B /* terran.md2 in Resources */,
				33B61516190E5006007EE82B /* terran.png in Resources */,
				33B61517190E5006007EE82B /* terran_weapon.md2 in Resources */,
				33B61518190E5006007EE82B /* terran_weapon.png in Resources */,
				33B61519190E5006007EE82B /* tris.md2 in Resources */,
				33B6151A190E5006007EE82B /* tris.png in Resources */,
				33B6151B190E5006007EE82B /* weapon.md2 in Resources */,
				33B6151C190E5006007EE82B /* weapon.png in Resources */,
				33B6152B190E5006007EE82B /* SpaceRocksAtlas.png in Resources */,
				33B6152C190E5006007EE82B /* test.png in Resources */,
				33AE9FB51910C079004923C3 /* Grid16.png in Resources */,
				3393A6041914A5D000602BDA /* Tarsier.png in Resources */,
				33D76B04191763F400549358 /* Circle.png in Resources */,
				33D76B09191785D700549358 /* Grille.png in Resources */,
			);
			runOnlyForDeploymentPostprocessing = 0;
		};
/* End PBXResourcesBuildPhase section */

/* Begin PBXSourcesBuildPhase section */
		33B614A3190E4D71007EE82B /* Sources */ = {
			isa = PBXSourcesBuildPhase;
			buildActionMask = 2147483647;
			files = (
				33B614B5190E4D71007EE82B /* main.m in Sources */,
				33B616F8190E7418007EE82B /* HLAppDelegate.m in Sources */,
				33B616F9190E7418007EE82B /* HLGLView.m in Sources */,
				33B616FC190E747A007EE82B /* HLDirectorMac.m in Sources */,
			);
			runOnlyForDeploymentPostprocessing = 0;
		};
		33E9EFED18E0156C00A34046 /* Sources */ = {
			isa = PBXSourcesBuildPhase;
			buildActionMask = 2147483647;
			files = (
				33E9F04818E01F9900A34046 /* aabb.c in Sources */,
				33E9F04B18E01F9900A34046 /* mat4stack.c in Sources */,
				33E9F04C18E01F9900A34046 /* matrix.c in Sources */,
				33E9F04D18E01F9900A34046 /* mat3.c in Sources */,
				33E9F04E18E01F9900A34046 /* mat4.c in Sources */,
				33E9F04F18E01F9900A34046 /* neon_matrix_impl.c in Sources */,
				33E9F05018E01F9900A34046 /* plane.c in Sources */,
				33E9F05118E01F9900A34046 /* quaternion.c in Sources */,
				33E9F05218E01F9900A34046 /* ray2.c in Sources */,
				33E9F05318E01F9900A34046 /* utility.c in Sources */,
				33E9F05418E01F9900A34046 /* vec2.c in Sources */,
				33E9F05518E01F9900A34046 /* vec3.c in Sources */,
				33E9F05618E01F9900A34046 /* vec4.c in Sources */,
				33E9F06A18E0332100A34046 /* HLNode.mm in Sources */,
				33E9F07218E036A300A34046 /* HLTexture.mm in Sources */,
				33E9F07318E036A300A34046 /* HLTextureCache.mm in Sources */,
				33E9F07418E036A300A34046 /* HLTextureQuad.mm in Sources */,
				33E8D2D618E14B7400E1D735 /* HLSprite.mm in Sources */,
				33E8D2DA18E15D1500E1D735 /* HLDirector.m in Sources */,
				33E8D2E018E17E7F00E1D735 /* HLGLProgram.m in Sources */,
				33E8D2E318E17FD300E1D735 /* HLShaderCache.m in Sources */,
				33E8D4A518E1AFF200E1D735 /* HLGLStateCache.m in Sources */,
				33CEC6F018E25F0100B889E6 /* HLTypes.m in Sources */,
				33DB32E518E3FA22002EA575 /* HLScene.mm in Sources */,
				33CD6A3F18E50A05006AD2EC /* TransformUtils.mm in Sources */,
				33E4A67418EEB867006CBFC3 /* HLLayer.mm in Sources */,
				33F45AC118F66F9000FB5C8D /* HLDrawingPrimitives.m in Sources */,
				33F45ACB18F6943E00FB5C8D /* HLCamera.m in Sources */,
				33C7EAD418F795D60061D784 /* HL3Node.mm in Sources */,
				33C7EAE118F7DE1F0061D784 /* HL3Foundation.m in Sources */,
				33C7EAE418F7E35D0061D784 /* HLParametricSurface.mm in Sources */,
				339AC3FD18F9400E00864A39 /* HL3Matrix4x4.cpp in Sources */,
				339AC40018F951FB00864A39 /* HL3Camera.m in Sources */,
				338A85D718FBB18900E04921 /* HL3Sprite.mm in Sources */,
				33F9064A18FCD7B800E2F3F7 /* HLWireframeKleinBottle.mm in Sources */,
				33F9064B18FCD7B800E2F3F7 /* HLWireframeMobiusStrip.mm in Sources */,
				33F9064C18FCD7B800E2F3F7 /* HLWireframeTorus.mm in Sources */,
				33F9064D18FCD7B800E2F3F7 /* HLWireframeTrefoilKnot.mm in Sources */,
				33F9064E18FCD7B800E2F3F7 /* HLWireframSphere.mm in Sources */,
				33B2517B18FE742A0067533C /* HLMD2.mm in Sources */,
				33B2518118FE77F70067533C /* HL3Model.mm in Sources */,
				338CF6141907775E0036C4DC /* HLMD2Animation.mm in Sources */,
				338CF61A1907B5510036C4DC /* HL3Light.mm in Sources */,
				33B61514190E5006007EE82B /* main.m in Sources */,
				33B61538190E54C3007EE82B /* GameLayer.mm in Sources */,
				33B6153A190E54C3007EE82B /* HLAppDelegate.mm in Sources */,
				33B6153C190E54C3007EE82B /* HLEGLView.mm in Sources */,
				33B6153E190E54C3007EE82B /* HLViewController.mm in Sources */,
				33B61540190E54C3007EE82B /* ShaderTestLayer.m in Sources */,
				33D76AFF191729F400549358 /* HLScheduler.mm in Sources */,
				33D76B07191765FF00549358 /* BlendLayer.mm in Sources */,
				33DF15A8191B9F4C00F99187 /* StencilTestLayer.mm in Sources */,
				3307315B191F507E001A7487 /* HLClippingNode.m in Sources */,
				3307315C191F507E001A7487 /* HLDrawNode.m in Sources */,
				3307315F191F6BCF001A7487 /* ccShader_PositionColorLengthTexture.frag in Sources */,
				33073160191F6BCF001A7487 /* ccShader_PositionColorLengthTexture.vert in Sources */,
			);
			runOnlyForDeploymentPostprocessing = 0;
		};
/* End PBXSourcesBuildPhase section */

/* Begin PBXVariantGroup section */
		33B614B1190E4D71007EE82B /* InfoPlist.strings */ = {
			isa = PBXVariantGroup;
			children = (
				33B614B2190E4D71007EE82B /* en */,
			);
			name = InfoPlist.strings;
			sourceTree = "<group>";
		};
		33B614B7190E4D71007EE82B /* Credits.rtf */ = {
			isa = PBXVariantGroup;
			children = (
				33B614B8190E4D71007EE82B /* en */,
			);
			name = Credits.rtf;
			sourceTree = "<group>";
		};
		33B614BD190E4D71007EE82B /* MainMenu.xib */ = {
			isa = PBXVariantGroup;
			children = (
				33B614BE190E4D71007EE82B /* en */,
			);
			name = MainMenu.xib;
			sourceTree = "<group>";
		};
		33B614C7190E5006007EE82B /* InfoPlist.strings */ = {
			isa = PBXVariantGroup;
			children = (
				33B614C8190E5006007EE82B /* en */,
			);
			name = InfoPlist.strings;
			sourceTree = "<group>";
		};
/* End PBXVariantGroup section */

/* Begin XCBuildConfiguration section */
		33B614C0190E4D71007EE82B /* Debug */ = {
			isa = XCBuildConfiguration;
			buildSettings = {
				ARCHS = "$(ARCHS_STANDARD_64_BIT)";
				COMBINE_HIDPI_IMAGES = YES;
				FRAMEWORK_SEARCH_PATHS = (
					"$(inherited)",
					"\"$(SYSTEM_APPS_DIR)/Xcode.app/Contents/Developer/Library/Frameworks\"",
				);
				GCC_ENABLE_OBJC_EXCEPTIONS = YES;
				GCC_PRECOMPILE_PREFIX_HEADER = YES;
				GCC_PREFIX_HEADER = "GameEngine_MacOs/GameEngine_MacOs-Prefix.pch";
				GCC_WARN_64_TO_32_BIT_CONVERSION = YES;
				INFOPLIST_FILE = "GameEngine_MacOs/GameEngine_MacOs-Info.plist";
				MACOSX_DEPLOYMENT_TARGET = 10.7;
				PRODUCT_NAME = "$(TARGET_NAME)";
				SDKROOT = macosx;
				WRAPPER_EXTENSION = app;
			};
			name = Debug;
		};
		33B614C1190E4D71007EE82B /* Release */ = {
			isa = XCBuildConfiguration;
			buildSettings = {
				ARCHS = "$(ARCHS_STANDARD_64_BIT)";
				COMBINE_HIDPI_IMAGES = YES;
				DEBUG_INFORMATION_FORMAT = "dwarf-with-dsym";
				FRAMEWORK_SEARCH_PATHS = (
					"$(inherited)",
					"\"$(SYSTEM_APPS_DIR)/Xcode.app/Contents/Developer/Library/Frameworks\"",
				);
				GCC_ENABLE_OBJC_EXCEPTIONS = YES;
				GCC_PRECOMPILE_PREFIX_HEADER = YES;
				GCC_PREFIX_HEADER = "GameEngine_MacOs/GameEngine_MacOs-Prefix.pch";
				GCC_WARN_64_TO_32_BIT_CONVERSION = YES;
				INFOPLIST_FILE = "GameEngine_MacOs/GameEngine_MacOs-Info.plist";
				MACOSX_DEPLOYMENT_TARGET = 10.7;
				PRODUCT_NAME = "$(TARGET_NAME)";
				SDKROOT = macosx;
				WRAPPER_EXTENSION = app;
			};
			name = Release;
		};
		33E9F01518E0156C00A34046 /* Debug */ = {
			isa = XCBuildConfiguration;
			buildSettings = {
				ALWAYS_SEARCH_USER_PATHS = NO;
				CLANG_CXX_LANGUAGE_STANDARD = "gnu++0x";
				CLANG_CXX_LIBRARY = "libc++";
				CLANG_WARN_CONSTANT_CONVERSION = YES;
				CLANG_WARN_EMPTY_BODY = YES;
				CLANG_WARN_ENUM_CONVERSION = YES;
				CLANG_WARN_INT_CONVERSION = YES;
				CLANG_WARN__DUPLICATE_METHOD_MATCH = YES;
				"CODE_SIGN_IDENTITY[sdk=iphoneos*]" = "iPhone Developer";
				COPY_PHASE_STRIP = NO;
				GCC_C_LANGUAGE_STANDARD = gnu99;
				GCC_DYNAMIC_NO_PIC = NO;
				GCC_OPTIMIZATION_LEVEL = 0;
				GCC_PREPROCESSOR_DEFINITIONS = (
					"DEBUG=1",
					"$(inherited)",
				);
				GCC_SYMBOLS_PRIVATE_EXTERN = NO;
				GCC_WARN_ABOUT_RETURN_TYPE = YES;
				GCC_WARN_UNINITIALIZED_AUTOS = YES;
				GCC_WARN_UNUSED_VARIABLE = YES;
				IPHONEOS_DEPLOYMENT_TARGET = 6.1;
				ONLY_ACTIVE_ARCH = YES;
				SDKROOT = iphoneos;
				TARGETED_DEVICE_FAMILY = "1,2";
			};
			name = Debug;
		};
		33E9F01618E0156C00A34046 /* Release */ = {
			isa = XCBuildConfiguration;
			buildSettings = {
				ALWAYS_SEARCH_USER_PATHS = NO;
				CLANG_CXX_LANGUAGE_STANDARD = "gnu++0x";
				CLANG_CXX_LIBRARY = "libc++";
				CLANG_WARN_CONSTANT_CONVERSION = YES;
				CLANG_WARN_EMPTY_BODY = YES;
				CLANG_WARN_ENUM_CONVERSION = YES;
				CLANG_WARN_INT_CONVERSION = YES;
				CLANG_WARN__DUPLICATE_METHOD_MATCH = YES;
				"CODE_SIGN_IDENTITY[sdk=iphoneos*]" = "iPhone Developer";
				COPY_PHASE_STRIP = YES;
				GCC_C_LANGUAGE_STANDARD = gnu99;
				GCC_WARN_ABOUT_RETURN_TYPE = YES;
				GCC_WARN_UNINITIALIZED_AUTOS = YES;
				GCC_WARN_UNUSED_VARIABLE = YES;
				IPHONEOS_DEPLOYMENT_TARGET = 6.1;
				OTHER_CFLAGS = "-DNS_BLOCK_ASSERTIONS=1";
				SDKROOT = iphoneos;
				TARGETED_DEVICE_FAMILY = "1,2";
				VALIDATE_PRODUCT = YES;
			};
			name = Release;
		};
		33E9F01818E0156C00A34046 /* Debug */ = {
			isa = XCBuildConfiguration;
			buildSettings = {
				CLANG_CXX_LANGUAGE_STANDARD = "compiler-default";
				CLANG_CXX_LIBRARY = "compiler-default";
				DEBUG_INFORMATION_FORMAT = "dwarf-with-dsym";
				GCC_C_LANGUAGE_STANDARD = gnu99;
				GCC_INPUT_FILETYPE = automatic;
				GCC_PRECOMPILE_PREFIX_HEADER = YES;
				GCC_PREFIX_HEADER = "GameEngine_IOS/GameEngine-Prefix.pch";
				GCC_VERSION = "";
				HEADER_SEARCH_PATHS = (
					"\"$(SRCROOT)/HL3D/kazmath/include\"",
					"\"$(SRCROOT)/HL3D/FBXSDK/include\"",
				);
				INFOPLIST_FILE = "GameEngine_IOS/GameEngine-Info.plist";
				IPHONEOS_DEPLOYMENT_TARGET = 6.1;
				LIBRARY_SEARCH_PATHS = (
					"$(inherited)",
					"\"$(SRCROOT)/HL3D/FBXSDK/lib/ios-i386/debug\"",
				);
				PRODUCT_NAME = "$(TARGET_NAME)";
				WRAPPER_EXTENSION = app;
			};
			name = Debug;
		};
		33E9F01918E0156C00A34046 /* Release */ = {
			isa = XCBuildConfiguration;
			buildSettings = {
				CLANG_CXX_LANGUAGE_STANDARD = "compiler-default";
				CLANG_CXX_LIBRARY = "compiler-default";
				DEBUG_INFORMATION_FORMAT = "dwarf-with-dsym";
				GCC_C_LANGUAGE_STANDARD = gnu99;
				GCC_INPUT_FILETYPE = automatic;
				GCC_PRECOMPILE_PREFIX_HEADER = YES;
				GCC_PREFIX_HEADER = "GameEngine_IOS/GameEngine-Prefix.pch";
				GCC_VERSION = "";
				HEADER_SEARCH_PATHS = (
					"\"$(SRCROOT)/HL3D/kazmath/include\"",
					"\"$(SRCROOT)/HL3D/FBXSDK/include\"",
				);
				INFOPLIST_FILE = "GameEngine_IOS/GameEngine-Info.plist";
				IPHONEOS_DEPLOYMENT_TARGET = 6.1;
				LIBRARY_SEARCH_PATHS = (
					"$(inherited)",
					"\"$(SRCROOT)/HL3D/FBXSDK/lib/ios-armv7/debug\"",
				);
				PRODUCT_NAME = "$(TARGET_NAME)";
				WRAPPER_EXTENSION = app;
			};
			name = Release;
		};
/* End XCBuildConfiguration section */

/* Begin XCConfigurationList section */
		33B614C2190E4D71007EE82B /* Build configuration list for PBXNativeTarget "GameEngine_MacOs" */ = {
			isa = XCConfigurationList;
			buildConfigurations = (
				33B614C0190E4D71007EE82B /* Debug */,
				33B614C1190E4D71007EE82B /* Release */,
			);
			defaultConfigurationIsVisible = 0;
			defaultConfigurationName = Release;
		};
		33E9EFEC18E0156C00A34046 /* Build configuration list for PBXProject "GameEngine" */ = {
			isa = XCConfigurationList;
			buildConfigurations = (
				33E9F01518E0156C00A34046 /* Debug */,
				33E9F01618E0156C00A34046 /* Release */,
			);
			defaultConfigurationIsVisible = 0;
			defaultConfigurationName = Release;
		};
		33E9F01718E0156C00A34046 /* Build configuration list for PBXNativeTarget "GameEngine_IOS" */ = {
			isa = XCConfigurationList;
			buildConfigurations = (
				33E9F01818E0156C00A34046 /* Debug */,
				33E9F01918E0156C00A34046 /* Release */,
			);
			defaultConfigurationIsVisible = 0;
			defaultConfigurationName = Release;
		};
/* End XCConfigurationList section */
	};
	rootObject = 33E9EFE918E0156C00A34046 /* Project object */;
}
